// !$*UTF8*$!
{
	archiveVersion = 1;
	classes = {
	};
	objectVersion = 46;
	objects = {

/* Begin PBXBuildFile section */
		C905AD8A1A1E688B004812DD /* ScriptingBridge.framework in Frameworks */ = {isa = PBXBuildFile; fileRef = C905AD891A1E688B004812DD /* ScriptingBridge.framework */; };
		C905AD8C1A1E6907004812DD /* Numbers.h in Headers */ = {isa = PBXBuildFile; fileRef = C905AD8B1A1E6907004812DD /* Numbers.h */; };
		C905AD8D1A1E6BDB004812DD /* ScriptingBridge.framework in Frameworks */ = {isa = PBXBuildFile; fileRef = C905AD891A1E688B004812DD /* ScriptingBridge.framework */; };
		C90ACF5119E358B7002DB7C0 /* NaiveBayesTests.m in Sources */ = {isa = PBXBuildFile; fileRef = C90ACF5019E358B7002DB7C0 /* NaiveBayesTests.m */; };
		C90DDBC819CF1F80003220C7 /* Cocoa.framework in Frameworks */ = {isa = PBXBuildFile; fileRef = C90DDBC719CF1F80003220C7 /* Cocoa.framework */; };
		C90DDBCB19CF202B003220C7 /* Cocoa.framework in Frameworks */ = {isa = PBXBuildFile; fileRef = C90DDBC719CF1F80003220C7 /* Cocoa.framework */; };
		C915806B19E8B12F00879FD5 /* ServerStatistics.mat in Resources */ = {isa = PBXBuildFile; fileRef = C915806A19E8B12F00879FD5 /* ServerStatistics.mat */; };
		C915807519E8B1C000879FD5 /* LNKAnomalyDetector.h in Headers */ = {isa = PBXBuildFile; fileRef = C915807319E8B1C000879FD5 /* LNKAnomalyDetector.h */; settings = {ATTRIBUTES = (Public, ); }; };
		C915807619E8B1C000879FD5 /* LNKAnomalyDetector.m in Sources */ = {isa = PBXBuildFile; fileRef = C915807419E8B1C000879FD5 /* LNKAnomalyDetector.m */; };
		C915807719E8B1C000879FD5 /* LNKAnomalyDetector.m in Sources */ = {isa = PBXBuildFile; fileRef = C915807419E8B1C000879FD5 /* LNKAnomalyDetector.m */; };
		C915807A19E8B26200879FD5 /* _LNKAnomalyDetectorAC.h in Headers */ = {isa = PBXBuildFile; fileRef = C915807819E8B26200879FD5 /* _LNKAnomalyDetectorAC.h */; };
		C915807B19E8B26200879FD5 /* _LNKAnomalyDetectorAC.m in Sources */ = {isa = PBXBuildFile; fileRef = C915807919E8B26200879FD5 /* _LNKAnomalyDetectorAC.m */; };
		C915807C19E8B26200879FD5 /* _LNKAnomalyDetectorAC.m in Sources */ = {isa = PBXBuildFile; fileRef = C915807919E8B26200879FD5 /* _LNKAnomalyDetectorAC.m */; };
		C915807E19E8B66200879FD5 /* AnomalyDetectorTests.m in Sources */ = {isa = PBXBuildFile; fileRef = C915807D19E8B66200879FD5 /* AnomalyDetectorTests.m */; };
		C915808119E8E4FB00879FD5 /* ServerStatisticsVal.mat in Resources */ = {isa = PBXBuildFile; fileRef = C915807F19E8E4FB00879FD5 /* ServerStatisticsVal.mat */; };
		C915808219E8E4FB00879FD5 /* ServerStatisticsValY.mat in Resources */ = {isa = PBXBuildFile; fileRef = C915808019E8E4FB00879FD5 /* ServerStatisticsValY.mat */; };
		C915808619E8EC9600879FD5 /* AnomalyPerformance.mat in Resources */ = {isa = PBXBuildFile; fileRef = C915808319E8EC9600879FD5 /* AnomalyPerformance.mat */; };
		C915808719E8EC9600879FD5 /* AnomalyPerformanceVal.mat in Resources */ = {isa = PBXBuildFile; fileRef = C915808419E8EC9600879FD5 /* AnomalyPerformanceVal.mat */; };
		C915808819E8EC9600879FD5 /* AnomalyPerformanceValY.mat in Resources */ = {isa = PBXBuildFile; fileRef = C915808519E8EC9600879FD5 /* AnomalyPerformanceValY.mat */; };
		C92E451A1A15396400B6E33F /* MovieIDs.txt in Resources */ = {isa = PBXBuildFile; fileRef = C92E45191A15396400B6E33F /* MovieIDs.txt */; };
		C93E7B0719D79C140014C67B /* PCATests.m in Sources */ = {isa = PBXBuildFile; fileRef = C93E7B0619D79C140014C67B /* PCATests.m */; };
		C9460E291A144AA4000E577B /* MatrixTests.m in Sources */ = {isa = PBXBuildFile; fileRef = C9460E281A144AA4000E577B /* MatrixTests.m */; };
		C94F195319A6F0FF00BD967C /* LearnKit.h in Headers */ = {isa = PBXBuildFile; fileRef = C94F195119A6F0FF00BD967C /* LearnKit.h */; settings = {ATTRIBUTES = (Public, ); }; };
		C94FE76919BA8A6600251EDF /* fmincg.m in Sources */ = {isa = PBXBuildFile; fileRef = C94FE76719BA8A6600251EDF /* fmincg.m */; };
		C94FE76A19BA8A6600251EDF /* fmincg.m in Sources */ = {isa = PBXBuildFile; fileRef = C94FE76719BA8A6600251EDF /* fmincg.m */; };
		C94FE76B19BA8A6600251EDF /* fmincg.h in Headers */ = {isa = PBXBuildFile; fileRef = C94FE76819BA8A6600251EDF /* fmincg.h */; };
		C95D950D19DFBCE300BE8768 /* KNNTests.m in Sources */ = {isa = PBXBuildFile; fileRef = C95D950C19DFBCE300BE8768 /* KNNTests.m */; };
		C971B4EF19DA6ECB0066C78B /* StructureTests.m in Sources */ = {isa = PBXBuildFile; fileRef = C971B4EE19DA6ECB0066C78B /* StructureTests.m */; };
		C975913819A04B44003D3A48 /* lbfgs.m in Sources */ = {isa = PBXBuildFile; fileRef = C9DCD6D419A03DF200AF3AEC /* lbfgs.m */; };
		C975914519A04B4F003D3A48 /* Accelerate.framework in Frameworks */ = {isa = PBXBuildFile; fileRef = C9AC1F8C199AFD57006D7122 /* Accelerate.framework */; };
		C975914619A04BB3003D3A48 /* Accelerate.framework in Frameworks */ = {isa = PBXBuildFile; fileRef = C9AC1F8C199AFD57006D7122 /* Accelerate.framework */; };
		C97FF0AA1A1D083100F6CEDA /* NSIndexSetAdditions.h in Headers */ = {isa = PBXBuildFile; fileRef = C97FF0A81A1D083100F6CEDA /* NSIndexSetAdditions.h */; };
		C97FF0AB1A1D083100F6CEDA /* NSIndexSetAdditions.m in Sources */ = {isa = PBXBuildFile; fileRef = C97FF0A91A1D083100F6CEDA /* NSIndexSetAdditions.m */; };
		C97FF0AC1A1D083100F6CEDA /* NSIndexSetAdditions.m in Sources */ = {isa = PBXBuildFile; fileRef = C97FF0A91A1D083100F6CEDA /* NSIndexSetAdditions.m */; };
		C97FF0AE1A1D111300F6CEDA /* DecisionTreeTests.m in Sources */ = {isa = PBXBuildFile; fileRef = C97FF0AD1A1D111300F6CEDA /* DecisionTreeTests.m */; };
		C97FF0B01A1D116600F6CEDA /* WillWait.csv in Resources */ = {isa = PBXBuildFile; fileRef = C97FF0AF1A1D116600F6CEDA /* WillWait.csv */; };
		C97FF0B31A1D233300F6CEDA /* LNKDecisionTree.h in Headers */ = {isa = PBXBuildFile; fileRef = C97FF0B11A1D233300F6CEDA /* LNKDecisionTree.h */; };
		C97FF0B41A1D233300F6CEDA /* LNKDecisionTree.m in Sources */ = {isa = PBXBuildFile; fileRef = C97FF0B21A1D233300F6CEDA /* LNKDecisionTree.m */; };
		C97FF0B51A1D233300F6CEDA /* LNKDecisionTree.m in Sources */ = {isa = PBXBuildFile; fileRef = C97FF0B21A1D233300F6CEDA /* LNKDecisionTree.m */; };
		C9860BE41A0B4F04009FADAE /* Movies_R.mat in Resources */ = {isa = PBXBuildFile; fileRef = C9860BE01A0B4F04009FADAE /* Movies_R.mat */; };
		C9860BE51A0B4F04009FADAE /* Movies_Theta.mat in Resources */ = {isa = PBXBuildFile; fileRef = C9860BE11A0B4F04009FADAE /* Movies_Theta.mat */; };
		C9860BE61A0B4F04009FADAE /* Movies_X.mat in Resources */ = {isa = PBXBuildFile; fileRef = C9860BE21A0B4F04009FADAE /* Movies_X.mat */; };
		C9860BE71A0B4F04009FADAE /* Movies_Y.mat in Resources */ = {isa = PBXBuildFile; fileRef = C9860BE31A0B4F04009FADAE /* Movies_Y.mat */; };
		C9860BF11A0B4F86009FADAE /* LNKCollaborativeFilteringPredictor.h in Headers */ = {isa = PBXBuildFile; fileRef = C9860BEF1A0B4F86009FADAE /* LNKCollaborativeFilteringPredictor.h */; settings = {ATTRIBUTES = (Public, ); }; };
		C9860BF21A0B4F86009FADAE /* LNKCollaborativeFilteringPredictor.m in Sources */ = {isa = PBXBuildFile; fileRef = C9860BF01A0B4F86009FADAE /* LNKCollaborativeFilteringPredictor.m */; };
		C9860BF31A0B4F86009FADAE /* LNKCollaborativeFilteringPredictor.m in Sources */ = {isa = PBXBuildFile; fileRef = C9860BF01A0B4F86009FADAE /* LNKCollaborativeFilteringPredictor.m */; };
		C9860BF61A0B5059009FADAE /* LNKCollaborativeFilteringPredictorPrivate.h in Headers */ = {isa = PBXBuildFile; fileRef = C9860BF41A0B5059009FADAE /* LNKCollaborativeFilteringPredictorPrivate.h */; };
		C9860BFA1A0B50E7009FADAE /* CollaborativeFilteringTests.m in Sources */ = {isa = PBXBuildFile; fileRef = C9860BF91A0B50E7009FADAE /* CollaborativeFilteringTests.m */; };
		C9943ABC19A5AECF00F91C25 /* LNKMatrixTestExtras.m in Sources */ = {isa = PBXBuildFile; fileRef = C9943ABB19A5AECF00F91C25 /* LNKMatrixTestExtras.m */; };
		C99501791A1C6ACD005E0C9E /* LNKDecisionTreeClassifier.h in Headers */ = {isa = PBXBuildFile; fileRef = C99501771A1C6ACD005E0C9E /* LNKDecisionTreeClassifier.h */; settings = {ATTRIBUTES = (Public, ); }; };
		C995017A1A1C6ACD005E0C9E /* LNKDecisionTreeClassifier.m in Sources */ = {isa = PBXBuildFile; fileRef = C99501781A1C6ACD005E0C9E /* LNKDecisionTreeClassifier.m */; };
		C995017B1A1C6ACD005E0C9E /* LNKDecisionTreeClassifier.m in Sources */ = {isa = PBXBuildFile; fileRef = C99501781A1C6ACD005E0C9E /* LNKDecisionTreeClassifier.m */; };
		C99C8B121A1D80A6000F0136 /* NSCountedSetAdditions.h in Headers */ = {isa = PBXBuildFile; fileRef = C99C8B101A1D80A6000F0136 /* NSCountedSetAdditions.h */; };
		C99C8B131A1D80A6000F0136 /* NSCountedSetAdditions.m in Sources */ = {isa = PBXBuildFile; fileRef = C99C8B111A1D80A6000F0136 /* NSCountedSetAdditions.m */; };
		C99C8B141A1D80A6000F0136 /* NSCountedSetAdditions.m in Sources */ = {isa = PBXBuildFile; fileRef = C99C8B111A1D80A6000F0136 /* NSCountedSetAdditions.m */; };
		C9AC0DD119A04C950061DEFB /* AccelerateTests.m in Sources */ = {isa = PBXBuildFile; fileRef = C9AC0DCD19A04C950061DEFB /* AccelerateTests.m */; };
		C9AC0DD319A04C950061DEFB /* LinearRegressionTests.m in Sources */ = {isa = PBXBuildFile; fileRef = C9AC0DCE19A04C950061DEFB /* LinearRegressionTests.m */; };
		C9AC0DD519A04C950061DEFB /* LogisticRegressionTests.m in Sources */ = {isa = PBXBuildFile; fileRef = C9AC0DCF19A04C950061DEFB /* LogisticRegressionTests.m */; };
		C9AE9EF419AC2D2100A47178 /* NNTests.m in Sources */ = {isa = PBXBuildFile; fileRef = C9AE9EF319AC2D2100A47178 /* NNTests.m */; };
		C9CBD24619E5D3F500AE71D5 /* LNKAccelerate.h in Headers */ = {isa = PBXBuildFile; fileRef = C9CBD24219E5D3F500AE71D5 /* LNKAccelerate.h */; };
		C9CBD24719E5D3F500AE71D5 /* LNKAccelerate.m in Sources */ = {isa = PBXBuildFile; fileRef = C9CBD24319E5D3F500AE71D5 /* LNKAccelerate.m */; };
		C9CBD24819E5D3F500AE71D5 /* LNKAccelerate.m in Sources */ = {isa = PBXBuildFile; fileRef = C9CBD24319E5D3F500AE71D5 /* LNKAccelerate.m */; };
		C9CBD24919E5D3F500AE71D5 /* LNKAccelerateGradient.h in Headers */ = {isa = PBXBuildFile; fileRef = C9CBD24419E5D3F500AE71D5 /* LNKAccelerateGradient.h */; };
		C9CBD24A19E5D3F500AE71D5 /* LNKAccelerateGradient.m in Sources */ = {isa = PBXBuildFile; fileRef = C9CBD24519E5D3F500AE71D5 /* LNKAccelerateGradient.m */; };
		C9CBD24B19E5D3F500AE71D5 /* LNKAccelerateGradient.m in Sources */ = {isa = PBXBuildFile; fileRef = C9CBD24519E5D3F500AE71D5 /* LNKAccelerateGradient.m */; };
		C9CBD25219E5D41D00AE71D5 /* _LNKKMeansClassifierAC.h in Headers */ = {isa = PBXBuildFile; fileRef = C9CBD24D19E5D41D00AE71D5 /* _LNKKMeansClassifierAC.h */; };
		C9CBD25319E5D41D00AE71D5 /* _LNKKMeansClassifierAC.m in Sources */ = {isa = PBXBuildFile; fileRef = C9CBD24E19E5D41D00AE71D5 /* _LNKKMeansClassifierAC.m */; };
		C9CBD25419E5D41D00AE71D5 /* _LNKKMeansClassifierAC.m in Sources */ = {isa = PBXBuildFile; fileRef = C9CBD24E19E5D41D00AE71D5 /* _LNKKMeansClassifierAC.m */; };
		C9CBD25519E5D41D00AE71D5 /* LNKKMeansClassifier.h in Headers */ = {isa = PBXBuildFile; fileRef = C9CBD24F19E5D41D00AE71D5 /* LNKKMeansClassifier.h */; settings = {ATTRIBUTES = (Public, ); }; };
		C9CBD25619E5D41D00AE71D5 /* LNKKMeansClassifier.m in Sources */ = {isa = PBXBuildFile; fileRef = C9CBD25019E5D41D00AE71D5 /* LNKKMeansClassifier.m */; };
		C9CBD25719E5D41D00AE71D5 /* LNKKMeansClassifier.m in Sources */ = {isa = PBXBuildFile; fileRef = C9CBD25019E5D41D00AE71D5 /* LNKKMeansClassifier.m */; };
		C9CBD25819E5D41D00AE71D5 /* LNKKMeansClassifierPrivate.h in Headers */ = {isa = PBXBuildFile; fileRef = C9CBD25119E5D41D00AE71D5 /* LNKKMeansClassifierPrivate.h */; };
		C9CBD25E19E5D44400AE71D5 /* _LNKKNNClassifierAC.h in Headers */ = {isa = PBXBuildFile; fileRef = C9CBD25A19E5D44400AE71D5 /* _LNKKNNClassifierAC.h */; };
		C9CBD25F19E5D44400AE71D5 /* _LNKKNNClassifierAC.m in Sources */ = {isa = PBXBuildFile; fileRef = C9CBD25B19E5D44400AE71D5 /* _LNKKNNClassifierAC.m */; };
		C9CBD26019E5D44400AE71D5 /* _LNKKNNClassifierAC.m in Sources */ = {isa = PBXBuildFile; fileRef = C9CBD25B19E5D44400AE71D5 /* _LNKKNNClassifierAC.m */; };
		C9CBD26119E5D44400AE71D5 /* LNKKNNClassifier.h in Headers */ = {isa = PBXBuildFile; fileRef = C9CBD25C19E5D44400AE71D5 /* LNKKNNClassifier.h */; settings = {ATTRIBUTES = (Public, ); }; };
		C9CBD26219E5D44400AE71D5 /* LNKKNNClassifier.m in Sources */ = {isa = PBXBuildFile; fileRef = C9CBD25D19E5D44400AE71D5 /* LNKKNNClassifier.m */; };
		C9CBD26319E5D44400AE71D5 /* LNKKNNClassifier.m in Sources */ = {isa = PBXBuildFile; fileRef = C9CBD25D19E5D44400AE71D5 /* LNKKNNClassifier.m */; };
		C9CBD27019E5D46900AE71D5 /* _LNKLinRegPredictorAC.h in Headers */ = {isa = PBXBuildFile; fileRef = C9CBD26519E5D46900AE71D5 /* _LNKLinRegPredictorAC.h */; };
		C9CBD27119E5D46900AE71D5 /* _LNKLinRegPredictorAC.m in Sources */ = {isa = PBXBuildFile; fileRef = C9CBD26619E5D46900AE71D5 /* _LNKLinRegPredictorAC.m */; };
		C9CBD27219E5D46900AE71D5 /* _LNKLinRegPredictorAC.m in Sources */ = {isa = PBXBuildFile; fileRef = C9CBD26619E5D46900AE71D5 /* _LNKLinRegPredictorAC.m */; };
		C9CBD27319E5D46900AE71D5 /* _LNKLinRegPredictorGD_AC.h in Headers */ = {isa = PBXBuildFile; fileRef = C9CBD26719E5D46900AE71D5 /* _LNKLinRegPredictorGD_AC.h */; };
		C9CBD27419E5D46900AE71D5 /* _LNKLinRegPredictorGD_AC.m in Sources */ = {isa = PBXBuildFile; fileRef = C9CBD26819E5D46900AE71D5 /* _LNKLinRegPredictorGD_AC.m */; };
		C9CBD27519E5D46900AE71D5 /* _LNKLinRegPredictorGD_AC.m in Sources */ = {isa = PBXBuildFile; fileRef = C9CBD26819E5D46900AE71D5 /* _LNKLinRegPredictorGD_AC.m */; };
		C9CBD27619E5D46900AE71D5 /* _LNKLinRegPredictorLBFGS_AC.h in Headers */ = {isa = PBXBuildFile; fileRef = C9CBD26919E5D46900AE71D5 /* _LNKLinRegPredictorLBFGS_AC.h */; };
		C9CBD27719E5D46900AE71D5 /* _LNKLinRegPredictorLBFGS_AC.m in Sources */ = {isa = PBXBuildFile; fileRef = C9CBD26A19E5D46900AE71D5 /* _LNKLinRegPredictorLBFGS_AC.m */; };
		C9CBD27819E5D46900AE71D5 /* _LNKLinRegPredictorLBFGS_AC.m in Sources */ = {isa = PBXBuildFile; fileRef = C9CBD26A19E5D46900AE71D5 /* _LNKLinRegPredictorLBFGS_AC.m */; };
		C9CBD27919E5D46900AE71D5 /* _LNKLinRegPredictorNE_AC.h in Headers */ = {isa = PBXBuildFile; fileRef = C9CBD26B19E5D46900AE71D5 /* _LNKLinRegPredictorNE_AC.h */; };
		C9CBD27A19E5D46900AE71D5 /* _LNKLinRegPredictorNE_AC.m in Sources */ = {isa = PBXBuildFile; fileRef = C9CBD26C19E5D46900AE71D5 /* _LNKLinRegPredictorNE_AC.m */; };
		C9CBD27B19E5D46900AE71D5 /* _LNKLinRegPredictorNE_AC.m in Sources */ = {isa = PBXBuildFile; fileRef = C9CBD26C19E5D46900AE71D5 /* _LNKLinRegPredictorNE_AC.m */; };
		C9CBD27C19E5D46900AE71D5 /* LNKLinRegPredictor.h in Headers */ = {isa = PBXBuildFile; fileRef = C9CBD26D19E5D46900AE71D5 /* LNKLinRegPredictor.h */; settings = {ATTRIBUTES = (Public, ); }; };
		C9CBD27D19E5D46900AE71D5 /* LNKLinRegPredictor.m in Sources */ = {isa = PBXBuildFile; fileRef = C9CBD26E19E5D46900AE71D5 /* LNKLinRegPredictor.m */; };
		C9CBD27E19E5D46900AE71D5 /* LNKLinRegPredictor.m in Sources */ = {isa = PBXBuildFile; fileRef = C9CBD26E19E5D46900AE71D5 /* LNKLinRegPredictor.m */; };
		C9CBD27F19E5D46900AE71D5 /* LNKLinRegPredictorPrivate.h in Headers */ = {isa = PBXBuildFile; fileRef = C9CBD26F19E5D46900AE71D5 /* LNKLinRegPredictorPrivate.h */; };
		C9CBD28619E5D48D00AE71D5 /* _LNKNaiveBayesClassifierAC.h in Headers */ = {isa = PBXBuildFile; fileRef = C9CBD28119E5D48D00AE71D5 /* _LNKNaiveBayesClassifierAC.h */; };
		C9CBD28719E5D48D00AE71D5 /* _LNKNaiveBayesClassifierAC.m in Sources */ = {isa = PBXBuildFile; fileRef = C9CBD28219E5D48D00AE71D5 /* _LNKNaiveBayesClassifierAC.m */; };
		C9CBD28819E5D48D00AE71D5 /* _LNKNaiveBayesClassifierAC.m in Sources */ = {isa = PBXBuildFile; fileRef = C9CBD28219E5D48D00AE71D5 /* _LNKNaiveBayesClassifierAC.m */; };
		C9CBD28919E5D48D00AE71D5 /* LNKNaiveBayesClassifier.h in Headers */ = {isa = PBXBuildFile; fileRef = C9CBD28319E5D48D00AE71D5 /* LNKNaiveBayesClassifier.h */; settings = {ATTRIBUTES = (Public, ); }; };
		C9CBD28A19E5D48D00AE71D5 /* LNKNaiveBayesClassifier.m in Sources */ = {isa = PBXBuildFile; fileRef = C9CBD28419E5D48D00AE71D5 /* LNKNaiveBayesClassifier.m */; };
		C9CBD28B19E5D48D00AE71D5 /* LNKNaiveBayesClassifier.m in Sources */ = {isa = PBXBuildFile; fileRef = C9CBD28419E5D48D00AE71D5 /* LNKNaiveBayesClassifier.m */; };
		C9CBD28C19E5D48D00AE71D5 /* LNKNaiveBayesClassifierPrivate.h in Headers */ = {isa = PBXBuildFile; fileRef = C9CBD28519E5D48D00AE71D5 /* LNKNaiveBayesClassifierPrivate.h */; };
		C9CBD29319E5D4AD00AE71D5 /* _LNKNeuralNetClassifierAC.h in Headers */ = {isa = PBXBuildFile; fileRef = C9CBD28E19E5D4AD00AE71D5 /* _LNKNeuralNetClassifierAC.h */; };
		C9CBD29419E5D4AD00AE71D5 /* _LNKNeuralNetClassifierAC.m in Sources */ = {isa = PBXBuildFile; fileRef = C9CBD28F19E5D4AD00AE71D5 /* _LNKNeuralNetClassifierAC.m */; };
		C9CBD29519E5D4AD00AE71D5 /* _LNKNeuralNetClassifierAC.m in Sources */ = {isa = PBXBuildFile; fileRef = C9CBD28F19E5D4AD00AE71D5 /* _LNKNeuralNetClassifierAC.m */; };
		C9CBD29619E5D4AD00AE71D5 /* LNKNeuralNetClassifier.h in Headers */ = {isa = PBXBuildFile; fileRef = C9CBD29019E5D4AD00AE71D5 /* LNKNeuralNetClassifier.h */; settings = {ATTRIBUTES = (Public, ); }; };
		C9CBD29719E5D4AD00AE71D5 /* LNKNeuralNetClassifier.m in Sources */ = {isa = PBXBuildFile; fileRef = C9CBD29119E5D4AD00AE71D5 /* LNKNeuralNetClassifier.m */; };
		C9CBD29819E5D4AD00AE71D5 /* LNKNeuralNetClassifier.m in Sources */ = {isa = PBXBuildFile; fileRef = C9CBD29119E5D4AD00AE71D5 /* LNKNeuralNetClassifier.m */; };
		C9CBD29919E5D4AD00AE71D5 /* LNKNeuralNetClassifierPrivate.h in Headers */ = {isa = PBXBuildFile; fileRef = C9CBD29219E5D4AD00AE71D5 /* LNKNeuralNetClassifierPrivate.h */; };
		C9CBD2A319E5D4D400AE71D5 /* LNKMatrixUI.h in Headers */ = {isa = PBXBuildFile; fileRef = C9CBD2A119E5D4D400AE71D5 /* LNKMatrixUI.h */; settings = {ATTRIBUTES = (Public, ); }; };
		C9CBD2A419E5D4D400AE71D5 /* LNKMatrixUI.m in Sources */ = {isa = PBXBuildFile; fileRef = C9CBD2A219E5D4D400AE71D5 /* LNKMatrixUI.m */; };
		C9CBD2A519E5D4D400AE71D5 /* LNKMatrixUI.m in Sources */ = {isa = PBXBuildFile; fileRef = C9CBD2A219E5D4D400AE71D5 /* LNKMatrixUI.m */; };
		C9CBD2B019E5D4FD00AE71D5 /* _LNKLogRegClassifierLBFGS_AC.h in Headers */ = {isa = PBXBuildFile; fileRef = C9CBD2A719E5D4FD00AE71D5 /* _LNKLogRegClassifierLBFGS_AC.h */; };
		C9CBD2B119E5D4FD00AE71D5 /* _LNKLogRegClassifierLBFGS_AC.m in Sources */ = {isa = PBXBuildFile; fileRef = C9CBD2A819E5D4FD00AE71D5 /* _LNKLogRegClassifierLBFGS_AC.m */; };
		C9CBD2B219E5D4FD00AE71D5 /* _LNKLogRegClassifierLBFGS_AC.m in Sources */ = {isa = PBXBuildFile; fileRef = C9CBD2A819E5D4FD00AE71D5 /* _LNKLogRegClassifierLBFGS_AC.m */; };
		C9CBD2B319E5D4FD00AE71D5 /* _LNKOneVsAllLogRegClassifierLBFGS_AC.h in Headers */ = {isa = PBXBuildFile; fileRef = C9CBD2A919E5D4FD00AE71D5 /* _LNKOneVsAllLogRegClassifierLBFGS_AC.h */; };
		C9CBD2B419E5D4FD00AE71D5 /* _LNKOneVsAllLogRegClassifierLBFGS_AC.m in Sources */ = {isa = PBXBuildFile; fileRef = C9CBD2AA19E5D4FD00AE71D5 /* _LNKOneVsAllLogRegClassifierLBFGS_AC.m */; };
		C9CBD2B519E5D4FD00AE71D5 /* _LNKOneVsAllLogRegClassifierLBFGS_AC.m in Sources */ = {isa = PBXBuildFile; fileRef = C9CBD2AA19E5D4FD00AE71D5 /* _LNKOneVsAllLogRegClassifierLBFGS_AC.m */; };
		C9CBD2B619E5D4FD00AE71D5 /* LNKLogRegClassifier.h in Headers */ = {isa = PBXBuildFile; fileRef = C9CBD2AB19E5D4FD00AE71D5 /* LNKLogRegClassifier.h */; settings = {ATTRIBUTES = (Public, ); }; };
		C9CBD2B719E5D4FD00AE71D5 /* LNKLogRegClassifier.m in Sources */ = {isa = PBXBuildFile; fileRef = C9CBD2AC19E5D4FD00AE71D5 /* LNKLogRegClassifier.m */; };
		C9CBD2B819E5D4FD00AE71D5 /* LNKLogRegClassifier.m in Sources */ = {isa = PBXBuildFile; fileRef = C9CBD2AC19E5D4FD00AE71D5 /* LNKLogRegClassifier.m */; };
		C9CBD2B919E5D4FD00AE71D5 /* LNKLogRegClassifierPrivate.h in Headers */ = {isa = PBXBuildFile; fileRef = C9CBD2AD19E5D4FD00AE71D5 /* LNKLogRegClassifierPrivate.h */; };
		C9CBD2BA19E5D4FD00AE71D5 /* LNKOneVsAllLogRegClassifier.h in Headers */ = {isa = PBXBuildFile; fileRef = C9CBD2AE19E5D4FD00AE71D5 /* LNKOneVsAllLogRegClassifier.h */; settings = {ATTRIBUTES = (Public, ); }; };
		C9CBD2BB19E5D4FD00AE71D5 /* LNKOneVsAllLogRegClassifier.m in Sources */ = {isa = PBXBuildFile; fileRef = C9CBD2AF19E5D4FD00AE71D5 /* LNKOneVsAllLogRegClassifier.m */; };
		C9CBD2BC19E5D4FD00AE71D5 /* LNKOneVsAllLogRegClassifier.m in Sources */ = {isa = PBXBuildFile; fileRef = C9CBD2AF19E5D4FD00AE71D5 /* LNKOneVsAllLogRegClassifier.m */; };
		C9CBD2D519E5D52900AE71D5 /* LNKClassifier.h in Headers */ = {isa = PBXBuildFile; fileRef = C9CBD2BE19E5D52900AE71D5 /* LNKClassifier.h */; settings = {ATTRIBUTES = (Public, ); }; };
		C9CBD2D619E5D52900AE71D5 /* LNKClassifier.m in Sources */ = {isa = PBXBuildFile; fileRef = C9CBD2BF19E5D52900AE71D5 /* LNKClassifier.m */; };
		C9CBD2D719E5D52900AE71D5 /* LNKClassifier.m in Sources */ = {isa = PBXBuildFile; fileRef = C9CBD2BF19E5D52900AE71D5 /* LNKClassifier.m */; };
		C9CBD2D819E5D52900AE71D5 /* LNKClassifierPrivate.h in Headers */ = {isa = PBXBuildFile; fileRef = C9CBD2C019E5D52900AE71D5 /* LNKClassifierPrivate.h */; };
		C9CBD2D919E5D52900AE71D5 /* LNKMatrix.h in Headers */ = {isa = PBXBuildFile; fileRef = C9CBD2C119E5D52900AE71D5 /* LNKMatrix.h */; settings = {ATTRIBUTES = (Public, ); }; };
		C9CBD2DA19E5D52900AE71D5 /* LNKMatrix.m in Sources */ = {isa = PBXBuildFile; fileRef = C9CBD2C219E5D52900AE71D5 /* LNKMatrix.m */; };
		C9CBD2DB19E5D52900AE71D5 /* LNKMatrix.m in Sources */ = {isa = PBXBuildFile; fileRef = C9CBD2C219E5D52900AE71D5 /* LNKMatrix.m */; };
		C9CBD2DC19E5D52900AE71D5 /* LNKMatrixPCA.h in Headers */ = {isa = PBXBuildFile; fileRef = C9CBD2C319E5D52900AE71D5 /* LNKMatrixPCA.h */; settings = {ATTRIBUTES = (Public, ); }; };
		C9CBD2DD19E5D52900AE71D5 /* LNKMatrixPCA.m in Sources */ = {isa = PBXBuildFile; fileRef = C9CBD2C419E5D52900AE71D5 /* LNKMatrixPCA.m */; };
		C9CBD2DE19E5D52900AE71D5 /* LNKMatrixPCA.m in Sources */ = {isa = PBXBuildFile; fileRef = C9CBD2C419E5D52900AE71D5 /* LNKMatrixPCA.m */; };
		C9CBD2DF19E5D52900AE71D5 /* LNKMatrixPrivate.h in Headers */ = {isa = PBXBuildFile; fileRef = C9CBD2C519E5D52900AE71D5 /* LNKMatrixPrivate.h */; };
		C9CBD2E019E5D52900AE71D5 /* LNKFastArray.h in Headers */ = {isa = PBXBuildFile; fileRef = C9CBD2C619E5D52900AE71D5 /* LNKFastArray.h */; };
		C9CBD2E119E5D52900AE71D5 /* LNKFastArray.m in Sources */ = {isa = PBXBuildFile; fileRef = C9CBD2C719E5D52900AE71D5 /* LNKFastArray.m */; };
		C9CBD2E219E5D52900AE71D5 /* LNKFastArray.m in Sources */ = {isa = PBXBuildFile; fileRef = C9CBD2C719E5D52900AE71D5 /* LNKFastArray.m */; };
		C9CBD2E319E5D52900AE71D5 /* LNKFastFloatQueue.h in Headers */ = {isa = PBXBuildFile; fileRef = C9CBD2C819E5D52900AE71D5 /* LNKFastFloatQueue.h */; };
		C9CBD2E419E5D52900AE71D5 /* LNKFastFloatQueue.m in Sources */ = {isa = PBXBuildFile; fileRef = C9CBD2C919E5D52900AE71D5 /* LNKFastFloatQueue.m */; };
		C9CBD2E519E5D52900AE71D5 /* LNKFastFloatQueue.m in Sources */ = {isa = PBXBuildFile; fileRef = C9CBD2C919E5D52900AE71D5 /* LNKFastFloatQueue.m */; };
		C9CBD2E619E5D52900AE71D5 /* LNKMemoryBufferManager.h in Headers */ = {isa = PBXBuildFile; fileRef = C9CBD2CA19E5D52900AE71D5 /* LNKMemoryBufferManager.h */; };
		C9CBD2E719E5D52900AE71D5 /* LNKMemoryBufferManager.m in Sources */ = {isa = PBXBuildFile; fileRef = C9CBD2CB19E5D52900AE71D5 /* LNKMemoryBufferManager.m */; };
		C9CBD2E819E5D52900AE71D5 /* LNKMemoryBufferManager.m in Sources */ = {isa = PBXBuildFile; fileRef = C9CBD2CB19E5D52900AE71D5 /* LNKMemoryBufferManager.m */; };
		C9CBD2E919E5D52900AE71D5 /* LNKOptimizationAlgorithm.h in Headers */ = {isa = PBXBuildFile; fileRef = C9CBD2CC19E5D52900AE71D5 /* LNKOptimizationAlgorithm.h */; settings = {ATTRIBUTES = (Public, ); }; };
		C9CBD2EA19E5D52900AE71D5 /* LNKOptimizationAlgorithm.m in Sources */ = {isa = PBXBuildFile; fileRef = C9CBD2CD19E5D52900AE71D5 /* LNKOptimizationAlgorithm.m */; };
		C9CBD2EB19E5D52900AE71D5 /* LNKOptimizationAlgorithm.m in Sources */ = {isa = PBXBuildFile; fileRef = C9CBD2CD19E5D52900AE71D5 /* LNKOptimizationAlgorithm.m */; };
		C9CBD2EC19E5D52900AE71D5 /* LNKPredictor.h in Headers */ = {isa = PBXBuildFile; fileRef = C9CBD2CE19E5D52900AE71D5 /* LNKPredictor.h */; settings = {ATTRIBUTES = (Public, ); }; };
		C9CBD2ED19E5D52900AE71D5 /* LNKPredictor.m in Sources */ = {isa = PBXBuildFile; fileRef = C9CBD2CF19E5D52900AE71D5 /* LNKPredictor.m */; };
		C9CBD2EE19E5D52900AE71D5 /* LNKPredictor.m in Sources */ = {isa = PBXBuildFile; fileRef = C9CBD2CF19E5D52900AE71D5 /* LNKPredictor.m */; };
		C9CBD2EF19E5D52900AE71D5 /* LNKPredictorPrivate.h in Headers */ = {isa = PBXBuildFile; fileRef = C9CBD2D019E5D52900AE71D5 /* LNKPredictorPrivate.h */; };
		C9CBD2F019E5D52900AE71D5 /* LNKTypes.h in Headers */ = {isa = PBXBuildFile; fileRef = C9CBD2D119E5D52900AE71D5 /* LNKTypes.h */; settings = {ATTRIBUTES = (Public, ); }; };
		C9CBD2F119E5D52900AE71D5 /* LNKTypes.m in Sources */ = {isa = PBXBuildFile; fileRef = C9CBD2D219E5D52900AE71D5 /* LNKTypes.m */; };
		C9CBD2F219E5D52900AE71D5 /* LNKTypes.m in Sources */ = {isa = PBXBuildFile; fileRef = C9CBD2D219E5D52900AE71D5 /* LNKTypes.m */; };
		C9CBD2F319E5D52900AE71D5 /* LNKUtilities.h in Headers */ = {isa = PBXBuildFile; fileRef = C9CBD2D319E5D52900AE71D5 /* LNKUtilities.h */; settings = {ATTRIBUTES = (Public, ); }; };
		C9CBD2F419E5D52900AE71D5 /* LNKUtilities.m in Sources */ = {isa = PBXBuildFile; fileRef = C9CBD2D419E5D52900AE71D5 /* LNKUtilities.m */; };
		C9CBD2F519E5D52900AE71D5 /* LNKUtilities.m in Sources */ = {isa = PBXBuildFile; fileRef = C9CBD2D419E5D52900AE71D5 /* LNKUtilities.m */; };
		C9CBD30719E5D69000AE71D5 /* CASP.csv in Resources */ = {isa = PBXBuildFile; fileRef = C9CBD2F719E5D69000AE71D5 /* CASP.csv */; };
		C9CBD30819E5D69000AE71D5 /* ex1data1.txt in Resources */ = {isa = PBXBuildFile; fileRef = C9CBD2F819E5D69000AE71D5 /* ex1data1.txt */; };
		C9CBD30919E5D69000AE71D5 /* ex1data2.txt in Resources */ = {isa = PBXBuildFile; fileRef = C9CBD2F919E5D69000AE71D5 /* ex1data2.txt */; };
		C9CBD30A19E5D69000AE71D5 /* ex2data1.csv in Resources */ = {isa = PBXBuildFile; fileRef = C9CBD2FA19E5D69000AE71D5 /* ex2data1.csv */; };
		C9CBD30B19E5D69000AE71D5 /* ex2data2.txt in Resources */ = {isa = PBXBuildFile; fileRef = C9CBD2FB19E5D69000AE71D5 /* ex2data2.txt */; };
		C9CBD30C19E5D69000AE71D5 /* ex3data1_theta1.dat in Resources */ = {isa = PBXBuildFile; fileRef = C9CBD2FC19E5D69000AE71D5 /* ex3data1_theta1.dat */; };
		C9CBD30D19E5D69000AE71D5 /* ex3data1_theta2.dat in Resources */ = {isa = PBXBuildFile; fileRef = C9CBD2FD19E5D69000AE71D5 /* ex3data1_theta2.dat */; };
		C9CBD30E19E5D69000AE71D5 /* ex3data1_X.dat in Resources */ = {isa = PBXBuildFile; fileRef = C9CBD2FE19E5D69000AE71D5 /* ex3data1_X.dat */; };
		C9CBD30F19E5D69000AE71D5 /* ex3data1_y.dat in Resources */ = {isa = PBXBuildFile; fileRef = C9CBD2FF19E5D69000AE71D5 /* ex3data1_y.dat */; };
		C9CBD31019E5D69000AE71D5 /* ex5_X.dat in Resources */ = {isa = PBXBuildFile; fileRef = C9CBD30019E5D69000AE71D5 /* ex5_X.dat */; };
		C9CBD31119E5D69000AE71D5 /* ex5_Xcv.dat in Resources */ = {isa = PBXBuildFile; fileRef = C9CBD30119E5D69000AE71D5 /* ex5_Xcv.dat */; };
		C9CBD31219E5D69000AE71D5 /* ex5_y.dat in Resources */ = {isa = PBXBuildFile; fileRef = C9CBD30219E5D69000AE71D5 /* ex5_y.dat */; };
		C9CBD31319E5D69000AE71D5 /* ex5_ycv.dat in Resources */ = {isa = PBXBuildFile; fileRef = C9CBD30319E5D69000AE71D5 /* ex5_ycv.dat */; };
		C9CBD31419E5D69000AE71D5 /* ex7data1_X.dat in Resources */ = {isa = PBXBuildFile; fileRef = C9CBD30419E5D69000AE71D5 /* ex7data1_X.dat */; };
		C9CBD31519E5D69000AE71D5 /* ex7data2_X.dat in Resources */ = {isa = PBXBuildFile; fileRef = C9CBD30519E5D69000AE71D5 /* ex7data2_X.dat */; };
		C9CBD31619E5D69000AE71D5 /* Flu.csv in Resources */ = {isa = PBXBuildFile; fileRef = C9CBD30619E5D69000AE71D5 /* Flu.csv */; };
		C9DC903F19D6253900774B29 /* KMeansTests.m in Sources */ = {isa = PBXBuildFile; fileRef = C9DC903E19D6253900774B29 /* KMeansTests.m */; };
		C9DCD6D619A03DF200AF3AEC /* lbfgs.m in Sources */ = {isa = PBXBuildFile; fileRef = C9DCD6D419A03DF200AF3AEC /* lbfgs.m */; };
		C9EC9A591A1ADCE0005D7863 /* LNKMatrixExporting.h in Headers */ = {isa = PBXBuildFile; fileRef = C9EC9A571A1ADCE0005D7863 /* LNKMatrixExporting.h */; settings = {ATTRIBUTES = (Public, ); }; };
		C9EC9A5A1A1ADCE0005D7863 /* LNKMatrixExporting.m in Sources */ = {isa = PBXBuildFile; fileRef = C9EC9A581A1ADCE0005D7863 /* LNKMatrixExporting.m */; };
		C9EC9A5B1A1ADCE0005D7863 /* LNKMatrixExporting.m in Sources */ = {isa = PBXBuildFile; fileRef = C9EC9A581A1ADCE0005D7863 /* LNKMatrixExporting.m */; };
/* End PBXBuildFile section */

/* Begin PBXContainerItemProxy section */
		C94F194E19A6EFA400BD967C /* PBXContainerItemProxy */ = {
			isa = PBXContainerItemProxy;
			containerPortal = C9AC1F74199AFC1F006D7122 /* Project object */;
			proxyType = 1;
			remoteGlobalIDString = C975911E19A04AF9003D3A48;
			remoteInfo = LearnKit;
		};
/* End PBXContainerItemProxy section */

/* Begin PBXFileReference section */
		C905AD891A1E688B004812DD /* ScriptingBridge.framework */ = {isa = PBXFileReference; lastKnownFileType = wrapper.framework; name = ScriptingBridge.framework; path = System/Library/Frameworks/ScriptingBridge.framework; sourceTree = SDKROOT; };
		C905AD8B1A1E6907004812DD /* Numbers.h */ = {isa = PBXFileReference; fileEncoding = 4; lastKnownFileType = sourcecode.c.h; path = Numbers.h; sourceTree = "<group>"; };
		C90ACF5019E358B7002DB7C0 /* NaiveBayesTests.m */ = {isa = PBXFileReference; fileEncoding = 4; lastKnownFileType = sourcecode.c.objc; name = NaiveBayesTests.m; path = LearnKitTests/NaiveBayesTests.m; sourceTree = SOURCE_ROOT; };
		C90DDBC719CF1F80003220C7 /* Cocoa.framework */ = {isa = PBXFileReference; lastKnownFileType = wrapper.framework; name = Cocoa.framework; path = System/Library/Frameworks/Cocoa.framework; sourceTree = SDKROOT; };
		C915806A19E8B12F00879FD5 /* ServerStatistics.mat */ = {isa = PBXFileReference; lastKnownFileType = file; path = ServerStatistics.mat; sourceTree = "<group>"; };
		C915807319E8B1C000879FD5 /* LNKAnomalyDetector.h */ = {isa = PBXFileReference; fileEncoding = 4; lastKnownFileType = sourcecode.c.h; path = LNKAnomalyDetector.h; sourceTree = "<group>"; };
		C915807419E8B1C000879FD5 /* LNKAnomalyDetector.m */ = {isa = PBXFileReference; fileEncoding = 4; lastKnownFileType = sourcecode.c.objc; path = LNKAnomalyDetector.m; sourceTree = "<group>"; };
		C915807819E8B26200879FD5 /* _LNKAnomalyDetectorAC.h */ = {isa = PBXFileReference; fileEncoding = 4; lastKnownFileType = sourcecode.c.h; path = _LNKAnomalyDetectorAC.h; sourceTree = "<group>"; };
		C915807919E8B26200879FD5 /* _LNKAnomalyDetectorAC.m */ = {isa = PBXFileReference; fileEncoding = 4; lastKnownFileType = sourcecode.c.objc; path = _LNKAnomalyDetectorAC.m; sourceTree = "<group>"; };
		C915807D19E8B66200879FD5 /* AnomalyDetectorTests.m */ = {isa = PBXFileReference; fileEncoding = 4; lastKnownFileType = sourcecode.c.objc; name = AnomalyDetectorTests.m; path = LearnKitTests/AnomalyDetectorTests.m; sourceTree = SOURCE_ROOT; };
		C915807F19E8E4FB00879FD5 /* ServerStatisticsVal.mat */ = {isa = PBXFileReference; lastKnownFileType = file; path = ServerStatisticsVal.mat; sourceTree = "<group>"; };
		C915808019E8E4FB00879FD5 /* ServerStatisticsValY.mat */ = {isa = PBXFileReference; lastKnownFileType = file; path = ServerStatisticsValY.mat; sourceTree = "<group>"; };
		C915808319E8EC9600879FD5 /* AnomalyPerformance.mat */ = {isa = PBXFileReference; lastKnownFileType = file; path = AnomalyPerformance.mat; sourceTree = "<group>"; };
		C915808419E8EC9600879FD5 /* AnomalyPerformanceVal.mat */ = {isa = PBXFileReference; lastKnownFileType = file; path = AnomalyPerformanceVal.mat; sourceTree = "<group>"; };
		C915808519E8EC9600879FD5 /* AnomalyPerformanceValY.mat */ = {isa = PBXFileReference; lastKnownFileType = file; path = AnomalyPerformanceValY.mat; sourceTree = "<group>"; };
		C92E45191A15396400B6E33F /* MovieIDs.txt */ = {isa = PBXFileReference; fileEncoding = 4; lastKnownFileType = text; path = MovieIDs.txt; sourceTree = "<group>"; };
		C93E7B0619D79C140014C67B /* PCATests.m */ = {isa = PBXFileReference; fileEncoding = 4; lastKnownFileType = sourcecode.c.objc; name = PCATests.m; path = LearnKitTests/PCATests.m; sourceTree = SOURCE_ROOT; };
		C9460E281A144AA4000E577B /* MatrixTests.m */ = {isa = PBXFileReference; fileEncoding = 4; lastKnownFileType = sourcecode.c.objc; name = MatrixTests.m; path = LearnKitTests/MatrixTests.m; sourceTree = SOURCE_ROOT; };
		C94F195019A6F0FF00BD967C /* Info.plist */ = {isa = PBXFileReference; fileEncoding = 4; lastKnownFileType = text.plist.xml; name = Info.plist; path = LearnKit/Info.plist; sourceTree = SOURCE_ROOT; };
		C94F195119A6F0FF00BD967C /* LearnKit.h */ = {isa = PBXFileReference; fileEncoding = 4; lastKnownFileType = sourcecode.c.h; name = LearnKit.h; path = LearnKit/LearnKit.h; sourceTree = SOURCE_ROOT; };
		C94FE76719BA8A6600251EDF /* fmincg.m */ = {isa = PBXFileReference; fileEncoding = 4; lastKnownFileType = sourcecode.c.objc; path = fmincg.m; sourceTree = "<group>"; };
		C94FE76819BA8A6600251EDF /* fmincg.h */ = {isa = PBXFileReference; fileEncoding = 4; lastKnownFileType = sourcecode.c.h; path = fmincg.h; sourceTree = "<group>"; };
		C95D950C19DFBCE300BE8768 /* KNNTests.m */ = {isa = PBXFileReference; fileEncoding = 4; lastKnownFileType = sourcecode.c.objc; name = KNNTests.m; path = LearnKitTests/KNNTests.m; sourceTree = SOURCE_ROOT; };
		C971B4EE19DA6ECB0066C78B /* StructureTests.m */ = {isa = PBXFileReference; fileEncoding = 4; lastKnownFileType = sourcecode.c.objc; name = StructureTests.m; path = LearnKitTests/StructureTests.m; sourceTree = SOURCE_ROOT; };
		C975911F19A04AF9003D3A48 /* LearnKit.framework */ = {isa = PBXFileReference; explicitFileType = wrapper.framework; includeInIndex = 0; path = LearnKit.framework; sourceTree = BUILT_PRODUCTS_DIR; };
		C97FF0A81A1D083100F6CEDA /* NSIndexSetAdditions.h */ = {isa = PBXFileReference; fileEncoding = 4; lastKnownFileType = sourcecode.c.h; path = NSIndexSetAdditions.h; sourceTree = "<group>"; };
		C97FF0A91A1D083100F6CEDA /* NSIndexSetAdditions.m */ = {isa = PBXFileReference; fileEncoding = 4; lastKnownFileType = sourcecode.c.objc; path = NSIndexSetAdditions.m; sourceTree = "<group>"; };
		C97FF0AD1A1D111300F6CEDA /* DecisionTreeTests.m */ = {isa = PBXFileReference; fileEncoding = 4; lastKnownFileType = sourcecode.c.objc; name = DecisionTreeTests.m; path = LearnKitTests/DecisionTreeTests.m; sourceTree = SOURCE_ROOT; };
		C97FF0AF1A1D116600F6CEDA /* WillWait.csv */ = {isa = PBXFileReference; fileEncoding = 4; lastKnownFileType = text; path = WillWait.csv; sourceTree = "<group>"; };
		C97FF0B11A1D233300F6CEDA /* LNKDecisionTree.h */ = {isa = PBXFileReference; fileEncoding = 4; lastKnownFileType = sourcecode.c.h; path = LNKDecisionTree.h; sourceTree = "<group>"; };
		C97FF0B21A1D233300F6CEDA /* LNKDecisionTree.m */ = {isa = PBXFileReference; fileEncoding = 4; lastKnownFileType = sourcecode.c.objc; path = LNKDecisionTree.m; sourceTree = "<group>"; };
		C9860BE01A0B4F04009FADAE /* Movies_R.mat */ = {isa = PBXFileReference; lastKnownFileType = file; path = Movies_R.mat; sourceTree = "<group>"; };
		C9860BE11A0B4F04009FADAE /* Movies_Theta.mat */ = {isa = PBXFileReference; lastKnownFileType = file; path = Movies_Theta.mat; sourceTree = "<group>"; };
		C9860BE21A0B4F04009FADAE /* Movies_X.mat */ = {isa = PBXFileReference; lastKnownFileType = file; path = Movies_X.mat; sourceTree = "<group>"; };
		C9860BE31A0B4F04009FADAE /* Movies_Y.mat */ = {isa = PBXFileReference; lastKnownFileType = file; path = Movies_Y.mat; sourceTree = "<group>"; };
		C9860BEF1A0B4F86009FADAE /* LNKCollaborativeFilteringPredictor.h */ = {isa = PBXFileReference; fileEncoding = 4; lastKnownFileType = sourcecode.c.h; path = LNKCollaborativeFilteringPredictor.h; sourceTree = "<group>"; };
		C9860BF01A0B4F86009FADAE /* LNKCollaborativeFilteringPredictor.m */ = {isa = PBXFileReference; fileEncoding = 4; lastKnownFileType = sourcecode.c.objc; path = LNKCollaborativeFilteringPredictor.m; sourceTree = "<group>"; };
		C9860BF41A0B5059009FADAE /* LNKCollaborativeFilteringPredictorPrivate.h */ = {isa = PBXFileReference; fileEncoding = 4; lastKnownFileType = sourcecode.c.h; path = LNKCollaborativeFilteringPredictorPrivate.h; sourceTree = "<group>"; };
		C9860BF91A0B50E7009FADAE /* CollaborativeFilteringTests.m */ = {isa = PBXFileReference; fileEncoding = 4; lastKnownFileType = sourcecode.c.objc; name = CollaborativeFilteringTests.m; path = LearnKitTests/CollaborativeFilteringTests.m; sourceTree = SOURCE_ROOT; };
		C9943ABA19A5AECF00F91C25 /* LNKMatrixTestExtras.h */ = {isa = PBXFileReference; fileEncoding = 4; lastKnownFileType = sourcecode.c.h; name = LNKMatrixTestExtras.h; path = LearnKitTests/LNKMatrixTestExtras.h; sourceTree = SOURCE_ROOT; };
		C9943ABB19A5AECF00F91C25 /* LNKMatrixTestExtras.m */ = {isa = PBXFileReference; fileEncoding = 4; lastKnownFileType = sourcecode.c.objc; name = LNKMatrixTestExtras.m; path = LearnKitTests/LNKMatrixTestExtras.m; sourceTree = SOURCE_ROOT; };
		C99501771A1C6ACD005E0C9E /* LNKDecisionTreeClassifier.h */ = {isa = PBXFileReference; fileEncoding = 4; lastKnownFileType = sourcecode.c.h; path = LNKDecisionTreeClassifier.h; sourceTree = "<group>"; };
		C99501781A1C6ACD005E0C9E /* LNKDecisionTreeClassifier.m */ = {isa = PBXFileReference; fileEncoding = 4; lastKnownFileType = sourcecode.c.objc; path = LNKDecisionTreeClassifier.m; sourceTree = "<group>"; };
		C99C8B101A1D80A6000F0136 /* NSCountedSetAdditions.h */ = {isa = PBXFileReference; fileEncoding = 4; lastKnownFileType = sourcecode.c.h; path = NSCountedSetAdditions.h; sourceTree = "<group>"; };
		C99C8B111A1D80A6000F0136 /* NSCountedSetAdditions.m */ = {isa = PBXFileReference; fileEncoding = 4; lastKnownFileType = sourcecode.c.objc; path = NSCountedSetAdditions.m; sourceTree = "<group>"; };
		C9AC0DCD19A04C950061DEFB /* AccelerateTests.m */ = {isa = PBXFileReference; fileEncoding = 4; lastKnownFileType = sourcecode.c.objc; name = AccelerateTests.m; path = LearnKitTests/AccelerateTests.m; sourceTree = SOURCE_ROOT; };
		C9AC0DCE19A04C950061DEFB /* LinearRegressionTests.m */ = {isa = PBXFileReference; fileEncoding = 4; lastKnownFileType = sourcecode.c.objc; name = LinearRegressionTests.m; path = LearnKitTests/LinearRegressionTests.m; sourceTree = SOURCE_ROOT; };
		C9AC0DCF19A04C950061DEFB /* LogisticRegressionTests.m */ = {isa = PBXFileReference; fileEncoding = 4; lastKnownFileType = sourcecode.c.objc; name = LogisticRegressionTests.m; path = LearnKitTests/LogisticRegressionTests.m; sourceTree = SOURCE_ROOT; };
		C9AC0DE019A04CC00061DEFB /* Prefix.pch */ = {isa = PBXFileReference; fileEncoding = 4; lastKnownFileType = sourcecode.c.h; name = Prefix.pch; path = LearnKit/Prefix.pch; sourceTree = SOURCE_ROOT; };
		C9AC0DF319A04CD10061DEFB /* Info.plist */ = {isa = PBXFileReference; fileEncoding = 4; lastKnownFileType = text.plist.xml; name = Info.plist; path = LearnKitTests/Info.plist; sourceTree = SOURCE_ROOT; };
		C9AC1F8C199AFD57006D7122 /* Accelerate.framework */ = {isa = PBXFileReference; lastKnownFileType = wrapper.framework; name = Accelerate.framework; path = System/Library/Frameworks/Accelerate.framework; sourceTree = SDKROOT; };
		C9AC1F94199AFDCC006D7122 /* LearnKitTests.xctest */ = {isa = PBXFileReference; explicitFileType = wrapper.cfbundle; includeInIndex = 0; path = LearnKitTests.xctest; sourceTree = BUILT_PRODUCTS_DIR; };
		C9AE9EF319AC2D2100A47178 /* NNTests.m */ = {isa = PBXFileReference; fileEncoding = 4; lastKnownFileType = sourcecode.c.objc; name = NNTests.m; path = LearnKitTests/NNTests.m; sourceTree = SOURCE_ROOT; };
		C9CBD24219E5D3F500AE71D5 /* LNKAccelerate.h */ = {isa = PBXFileReference; fileEncoding = 4; lastKnownFileType = sourcecode.c.h; path = LNKAccelerate.h; sourceTree = "<group>"; };
		C9CBD24319E5D3F500AE71D5 /* LNKAccelerate.m */ = {isa = PBXFileReference; fileEncoding = 4; lastKnownFileType = sourcecode.c.objc; path = LNKAccelerate.m; sourceTree = "<group>"; };
		C9CBD24419E5D3F500AE71D5 /* LNKAccelerateGradient.h */ = {isa = PBXFileReference; fileEncoding = 4; lastKnownFileType = sourcecode.c.h; path = LNKAccelerateGradient.h; sourceTree = "<group>"; };
		C9CBD24519E5D3F500AE71D5 /* LNKAccelerateGradient.m */ = {isa = PBXFileReference; fileEncoding = 4; lastKnownFileType = sourcecode.c.objc; path = LNKAccelerateGradient.m; sourceTree = "<group>"; };
		C9CBD24D19E5D41D00AE71D5 /* _LNKKMeansClassifierAC.h */ = {isa = PBXFileReference; fileEncoding = 4; lastKnownFileType = sourcecode.c.h; path = _LNKKMeansClassifierAC.h; sourceTree = "<group>"; };
		C9CBD24E19E5D41D00AE71D5 /* _LNKKMeansClassifierAC.m */ = {isa = PBXFileReference; fileEncoding = 4; lastKnownFileType = sourcecode.c.objc; path = _LNKKMeansClassifierAC.m; sourceTree = "<group>"; };
		C9CBD24F19E5D41D00AE71D5 /* LNKKMeansClassifier.h */ = {isa = PBXFileReference; fileEncoding = 4; lastKnownFileType = sourcecode.c.h; path = LNKKMeansClassifier.h; sourceTree = "<group>"; };
		C9CBD25019E5D41D00AE71D5 /* LNKKMeansClassifier.m */ = {isa = PBXFileReference; fileEncoding = 4; lastKnownFileType = sourcecode.c.objc; path = LNKKMeansClassifier.m; sourceTree = "<group>"; };
		C9CBD25119E5D41D00AE71D5 /* LNKKMeansClassifierPrivate.h */ = {isa = PBXFileReference; fileEncoding = 4; lastKnownFileType = sourcecode.c.h; path = LNKKMeansClassifierPrivate.h; sourceTree = "<group>"; };
		C9CBD25A19E5D44400AE71D5 /* _LNKKNNClassifierAC.h */ = {isa = PBXFileReference; fileEncoding = 4; lastKnownFileType = sourcecode.c.h; path = _LNKKNNClassifierAC.h; sourceTree = "<group>"; };
		C9CBD25B19E5D44400AE71D5 /* _LNKKNNClassifierAC.m */ = {isa = PBXFileReference; fileEncoding = 4; lastKnownFileType = sourcecode.c.objc; path = _LNKKNNClassifierAC.m; sourceTree = "<group>"; };
		C9CBD25C19E5D44400AE71D5 /* LNKKNNClassifier.h */ = {isa = PBXFileReference; fileEncoding = 4; lastKnownFileType = sourcecode.c.h; path = LNKKNNClassifier.h; sourceTree = "<group>"; };
		C9CBD25D19E5D44400AE71D5 /* LNKKNNClassifier.m */ = {isa = PBXFileReference; fileEncoding = 4; lastKnownFileType = sourcecode.c.objc; path = LNKKNNClassifier.m; sourceTree = "<group>"; };
		C9CBD26519E5D46900AE71D5 /* _LNKLinRegPredictorAC.h */ = {isa = PBXFileReference; fileEncoding = 4; lastKnownFileType = sourcecode.c.h; path = _LNKLinRegPredictorAC.h; sourceTree = "<group>"; };
		C9CBD26619E5D46900AE71D5 /* _LNKLinRegPredictorAC.m */ = {isa = PBXFileReference; fileEncoding = 4; lastKnownFileType = sourcecode.c.objc; path = _LNKLinRegPredictorAC.m; sourceTree = "<group>"; };
		C9CBD26719E5D46900AE71D5 /* _LNKLinRegPredictorGD_AC.h */ = {isa = PBXFileReference; fileEncoding = 4; lastKnownFileType = sourcecode.c.h; path = _LNKLinRegPredictorGD_AC.h; sourceTree = "<group>"; };
		C9CBD26819E5D46900AE71D5 /* _LNKLinRegPredictorGD_AC.m */ = {isa = PBXFileReference; fileEncoding = 4; lastKnownFileType = sourcecode.c.objc; path = _LNKLinRegPredictorGD_AC.m; sourceTree = "<group>"; };
		C9CBD26919E5D46900AE71D5 /* _LNKLinRegPredictorLBFGS_AC.h */ = {isa = PBXFileReference; fileEncoding = 4; lastKnownFileType = sourcecode.c.h; path = _LNKLinRegPredictorLBFGS_AC.h; sourceTree = "<group>"; };
		C9CBD26A19E5D46900AE71D5 /* _LNKLinRegPredictorLBFGS_AC.m */ = {isa = PBXFileReference; fileEncoding = 4; lastKnownFileType = sourcecode.c.objc; path = _LNKLinRegPredictorLBFGS_AC.m; sourceTree = "<group>"; };
		C9CBD26B19E5D46900AE71D5 /* _LNKLinRegPredictorNE_AC.h */ = {isa = PBXFileReference; fileEncoding = 4; lastKnownFileType = sourcecode.c.h; path = _LNKLinRegPredictorNE_AC.h; sourceTree = "<group>"; };
		C9CBD26C19E5D46900AE71D5 /* _LNKLinRegPredictorNE_AC.m */ = {isa = PBXFileReference; fileEncoding = 4; lastKnownFileType = sourcecode.c.objc; path = _LNKLinRegPredictorNE_AC.m; sourceTree = "<group>"; };
		C9CBD26D19E5D46900AE71D5 /* LNKLinRegPredictor.h */ = {isa = PBXFileReference; fileEncoding = 4; lastKnownFileType = sourcecode.c.h; path = LNKLinRegPredictor.h; sourceTree = "<group>"; };
		C9CBD26E19E5D46900AE71D5 /* LNKLinRegPredictor.m */ = {isa = PBXFileReference; fileEncoding = 4; lastKnownFileType = sourcecode.c.objc; path = LNKLinRegPredictor.m; sourceTree = "<group>"; };
		C9CBD26F19E5D46900AE71D5 /* LNKLinRegPredictorPrivate.h */ = {isa = PBXFileReference; fileEncoding = 4; lastKnownFileType = sourcecode.c.h; path = LNKLinRegPredictorPrivate.h; sourceTree = "<group>"; };
		C9CBD28119E5D48D00AE71D5 /* _LNKNaiveBayesClassifierAC.h */ = {isa = PBXFileReference; fileEncoding = 4; lastKnownFileType = sourcecode.c.h; path = _LNKNaiveBayesClassifierAC.h; sourceTree = "<group>"; };
		C9CBD28219E5D48D00AE71D5 /* _LNKNaiveBayesClassifierAC.m */ = {isa = PBXFileReference; fileEncoding = 4; lastKnownFileType = sourcecode.c.objc; path = _LNKNaiveBayesClassifierAC.m; sourceTree = "<group>"; };
		C9CBD28319E5D48D00AE71D5 /* LNKNaiveBayesClassifier.h */ = {isa = PBXFileReference; fileEncoding = 4; lastKnownFileType = sourcecode.c.h; path = LNKNaiveBayesClassifier.h; sourceTree = "<group>"; };
		C9CBD28419E5D48D00AE71D5 /* LNKNaiveBayesClassifier.m */ = {isa = PBXFileReference; fileEncoding = 4; lastKnownFileType = sourcecode.c.objc; path = LNKNaiveBayesClassifier.m; sourceTree = "<group>"; };
		C9CBD28519E5D48D00AE71D5 /* LNKNaiveBayesClassifierPrivate.h */ = {isa = PBXFileReference; fileEncoding = 4; lastKnownFileType = sourcecode.c.h; path = LNKNaiveBayesClassifierPrivate.h; sourceTree = "<group>"; };
		C9CBD28E19E5D4AD00AE71D5 /* _LNKNeuralNetClassifierAC.h */ = {isa = PBXFileReference; fileEncoding = 4; lastKnownFileType = sourcecode.c.h; path = _LNKNeuralNetClassifierAC.h; sourceTree = "<group>"; };
		C9CBD28F19E5D4AD00AE71D5 /* _LNKNeuralNetClassifierAC.m */ = {isa = PBXFileReference; fileEncoding = 4; lastKnownFileType = sourcecode.c.objc; path = _LNKNeuralNetClassifierAC.m; sourceTree = "<group>"; };
		C9CBD29019E5D4AD00AE71D5 /* LNKNeuralNetClassifier.h */ = {isa = PBXFileReference; fileEncoding = 4; lastKnownFileType = sourcecode.c.h; path = LNKNeuralNetClassifier.h; sourceTree = "<group>"; };
		C9CBD29119E5D4AD00AE71D5 /* LNKNeuralNetClassifier.m */ = {isa = PBXFileReference; fileEncoding = 4; lastKnownFileType = sourcecode.c.objc; path = LNKNeuralNetClassifier.m; sourceTree = "<group>"; };
		C9CBD29219E5D4AD00AE71D5 /* LNKNeuralNetClassifierPrivate.h */ = {isa = PBXFileReference; fileEncoding = 4; lastKnownFileType = sourcecode.c.h; path = LNKNeuralNetClassifierPrivate.h; sourceTree = "<group>"; };
		C9CBD2A119E5D4D400AE71D5 /* LNKMatrixUI.h */ = {isa = PBXFileReference; fileEncoding = 4; lastKnownFileType = sourcecode.c.h; path = LNKMatrixUI.h; sourceTree = "<group>"; };
		C9CBD2A219E5D4D400AE71D5 /* LNKMatrixUI.m */ = {isa = PBXFileReference; fileEncoding = 4; lastKnownFileType = sourcecode.c.objc; path = LNKMatrixUI.m; sourceTree = "<group>"; };
		C9CBD2A719E5D4FD00AE71D5 /* _LNKLogRegClassifierLBFGS_AC.h */ = {isa = PBXFileReference; fileEncoding = 4; lastKnownFileType = sourcecode.c.h; path = _LNKLogRegClassifierLBFGS_AC.h; sourceTree = "<group>"; };
		C9CBD2A819E5D4FD00AE71D5 /* _LNKLogRegClassifierLBFGS_AC.m */ = {isa = PBXFileReference; fileEncoding = 4; lastKnownFileType = sourcecode.c.objc; path = _LNKLogRegClassifierLBFGS_AC.m; sourceTree = "<group>"; };
		C9CBD2A919E5D4FD00AE71D5 /* _LNKOneVsAllLogRegClassifierLBFGS_AC.h */ = {isa = PBXFileReference; fileEncoding = 4; lastKnownFileType = sourcecode.c.h; path = _LNKOneVsAllLogRegClassifierLBFGS_AC.h; sourceTree = "<group>"; };
		C9CBD2AA19E5D4FD00AE71D5 /* _LNKOneVsAllLogRegClassifierLBFGS_AC.m */ = {isa = PBXFileReference; fileEncoding = 4; lastKnownFileType = sourcecode.c.objc; path = _LNKOneVsAllLogRegClassifierLBFGS_AC.m; sourceTree = "<group>"; };
		C9CBD2AB19E5D4FD00AE71D5 /* LNKLogRegClassifier.h */ = {isa = PBXFileReference; fileEncoding = 4; lastKnownFileType = sourcecode.c.h; path = LNKLogRegClassifier.h; sourceTree = "<group>"; };
		C9CBD2AC19E5D4FD00AE71D5 /* LNKLogRegClassifier.m */ = {isa = PBXFileReference; fileEncoding = 4; lastKnownFileType = sourcecode.c.objc; path = LNKLogRegClassifier.m; sourceTree = "<group>"; };
		C9CBD2AD19E5D4FD00AE71D5 /* LNKLogRegClassifierPrivate.h */ = {isa = PBXFileReference; fileEncoding = 4; lastKnownFileType = sourcecode.c.h; path = LNKLogRegClassifierPrivate.h; sourceTree = "<group>"; };
		C9CBD2AE19E5D4FD00AE71D5 /* LNKOneVsAllLogRegClassifier.h */ = {isa = PBXFileReference; fileEncoding = 4; lastKnownFileType = sourcecode.c.h; path = LNKOneVsAllLogRegClassifier.h; sourceTree = "<group>"; };
		C9CBD2AF19E5D4FD00AE71D5 /* LNKOneVsAllLogRegClassifier.m */ = {isa = PBXFileReference; fileEncoding = 4; lastKnownFileType = sourcecode.c.objc; path = LNKOneVsAllLogRegClassifier.m; sourceTree = "<group>"; };
		C9CBD2BE19E5D52900AE71D5 /* LNKClassifier.h */ = {isa = PBXFileReference; fileEncoding = 4; lastKnownFileType = sourcecode.c.h; path = LNKClassifier.h; sourceTree = "<group>"; };
		C9CBD2BF19E5D52900AE71D5 /* LNKClassifier.m */ = {isa = PBXFileReference; fileEncoding = 4; lastKnownFileType = sourcecode.c.objc; path = LNKClassifier.m; sourceTree = "<group>"; };
		C9CBD2C019E5D52900AE71D5 /* LNKClassifierPrivate.h */ = {isa = PBXFileReference; fileEncoding = 4; lastKnownFileType = sourcecode.c.h; path = LNKClassifierPrivate.h; sourceTree = "<group>"; };
		C9CBD2C119E5D52900AE71D5 /* LNKMatrix.h */ = {isa = PBXFileReference; fileEncoding = 4; lastKnownFileType = sourcecode.c.h; path = LNKMatrix.h; sourceTree = "<group>"; };
		C9CBD2C219E5D52900AE71D5 /* LNKMatrix.m */ = {isa = PBXFileReference; fileEncoding = 4; lastKnownFileType = sourcecode.c.objc; path = LNKMatrix.m; sourceTree = "<group>"; };
		C9CBD2C319E5D52900AE71D5 /* LNKMatrixPCA.h */ = {isa = PBXFileReference; fileEncoding = 4; lastKnownFileType = sourcecode.c.h; path = LNKMatrixPCA.h; sourceTree = "<group>"; };
		C9CBD2C419E5D52900AE71D5 /* LNKMatrixPCA.m */ = {isa = PBXFileReference; fileEncoding = 4; lastKnownFileType = sourcecode.c.objc; path = LNKMatrixPCA.m; sourceTree = "<group>"; };
		C9CBD2C519E5D52900AE71D5 /* LNKMatrixPrivate.h */ = {isa = PBXFileReference; fileEncoding = 4; lastKnownFileType = sourcecode.c.h; path = LNKMatrixPrivate.h; sourceTree = "<group>"; };
		C9CBD2C619E5D52900AE71D5 /* LNKFastArray.h */ = {isa = PBXFileReference; fileEncoding = 4; lastKnownFileType = sourcecode.c.h; path = LNKFastArray.h; sourceTree = "<group>"; };
		C9CBD2C719E5D52900AE71D5 /* LNKFastArray.m */ = {isa = PBXFileReference; fileEncoding = 4; lastKnownFileType = sourcecode.c.objc; path = LNKFastArray.m; sourceTree = "<group>"; };
		C9CBD2C819E5D52900AE71D5 /* LNKFastFloatQueue.h */ = {isa = PBXFileReference; fileEncoding = 4; lastKnownFileType = sourcecode.c.h; path = LNKFastFloatQueue.h; sourceTree = "<group>"; };
		C9CBD2C919E5D52900AE71D5 /* LNKFastFloatQueue.m */ = {isa = PBXFileReference; fileEncoding = 4; lastKnownFileType = sourcecode.c.objc; path = LNKFastFloatQueue.m; sourceTree = "<group>"; };
		C9CBD2CA19E5D52900AE71D5 /* LNKMemoryBufferManager.h */ = {isa = PBXFileReference; fileEncoding = 4; lastKnownFileType = sourcecode.c.h; path = LNKMemoryBufferManager.h; sourceTree = "<group>"; };
		C9CBD2CB19E5D52900AE71D5 /* LNKMemoryBufferManager.m */ = {isa = PBXFileReference; fileEncoding = 4; lastKnownFileType = sourcecode.c.objc; path = LNKMemoryBufferManager.m; sourceTree = "<group>"; };
		C9CBD2CC19E5D52900AE71D5 /* LNKOptimizationAlgorithm.h */ = {isa = PBXFileReference; fileEncoding = 4; lastKnownFileType = sourcecode.c.h; path = LNKOptimizationAlgorithm.h; sourceTree = "<group>"; };
		C9CBD2CD19E5D52900AE71D5 /* LNKOptimizationAlgorithm.m */ = {isa = PBXFileReference; fileEncoding = 4; lastKnownFileType = sourcecode.c.objc; path = LNKOptimizationAlgorithm.m; sourceTree = "<group>"; };
		C9CBD2CE19E5D52900AE71D5 /* LNKPredictor.h */ = {isa = PBXFileReference; fileEncoding = 4; lastKnownFileType = sourcecode.c.h; path = LNKPredictor.h; sourceTree = "<group>"; };
		C9CBD2CF19E5D52900AE71D5 /* LNKPredictor.m */ = {isa = PBXFileReference; fileEncoding = 4; lastKnownFileType = sourcecode.c.objc; path = LNKPredictor.m; sourceTree = "<group>"; };
		C9CBD2D019E5D52900AE71D5 /* LNKPredictorPrivate.h */ = {isa = PBXFileReference; fileEncoding = 4; lastKnownFileType = sourcecode.c.h; path = LNKPredictorPrivate.h; sourceTree = "<group>"; };
		C9CBD2D119E5D52900AE71D5 /* LNKTypes.h */ = {isa = PBXFileReference; fileEncoding = 4; lastKnownFileType = sourcecode.c.h; path = LNKTypes.h; sourceTree = "<group>"; };
		C9CBD2D219E5D52900AE71D5 /* LNKTypes.m */ = {isa = PBXFileReference; fileEncoding = 4; lastKnownFileType = sourcecode.c.objc; path = LNKTypes.m; sourceTree = "<group>"; };
		C9CBD2D319E5D52900AE71D5 /* LNKUtilities.h */ = {isa = PBXFileReference; fileEncoding = 4; lastKnownFileType = sourcecode.c.h; path = LNKUtilities.h; sourceTree = "<group>"; };
		C9CBD2D419E5D52900AE71D5 /* LNKUtilities.m */ = {isa = PBXFileReference; fileEncoding = 4; lastKnownFileType = sourcecode.c.objc; path = LNKUtilities.m; sourceTree = "<group>"; };
		C9CBD2F719E5D69000AE71D5 /* CASP.csv */ = {isa = PBXFileReference; fileEncoding = 4; lastKnownFileType = text; path = CASP.csv; sourceTree = "<group>"; };
		C9CBD2F819E5D69000AE71D5 /* ex1data1.txt */ = {isa = PBXFileReference; fileEncoding = 4; lastKnownFileType = text; path = ex1data1.txt; sourceTree = "<group>"; };
		C9CBD2F919E5D69000AE71D5 /* ex1data2.txt */ = {isa = PBXFileReference; fileEncoding = 4; lastKnownFileType = text; path = ex1data2.txt; sourceTree = "<group>"; };
		C9CBD2FA19E5D69000AE71D5 /* ex2data1.csv */ = {isa = PBXFileReference; fileEncoding = 4; lastKnownFileType = text; path = ex2data1.csv; sourceTree = "<group>"; };
		C9CBD2FB19E5D69000AE71D5 /* ex2data2.txt */ = {isa = PBXFileReference; fileEncoding = 4; lastKnownFileType = text; path = ex2data2.txt; sourceTree = "<group>"; };
		C9CBD2FC19E5D69000AE71D5 /* ex3data1_theta1.dat */ = {isa = PBXFileReference; lastKnownFileType = file; path = ex3data1_theta1.dat; sourceTree = "<group>"; };
		C9CBD2FD19E5D69000AE71D5 /* ex3data1_theta2.dat */ = {isa = PBXFileReference; lastKnownFileType = file; path = ex3data1_theta2.dat; sourceTree = "<group>"; };
		C9CBD2FE19E5D69000AE71D5 /* ex3data1_X.dat */ = {isa = PBXFileReference; lastKnownFileType = file; path = ex3data1_X.dat; sourceTree = "<group>"; };
		C9CBD2FF19E5D69000AE71D5 /* ex3data1_y.dat */ = {isa = PBXFileReference; lastKnownFileType = file; path = ex3data1_y.dat; sourceTree = "<group>"; };
		C9CBD30019E5D69000AE71D5 /* ex5_X.dat */ = {isa = PBXFileReference; fileEncoding = 4; lastKnownFileType = text; path = ex5_X.dat; sourceTree = "<group>"; };
		C9CBD30119E5D69000AE71D5 /* ex5_Xcv.dat */ = {isa = PBXFileReference; lastKnownFileType = file; path = ex5_Xcv.dat; sourceTree = "<group>"; };
		C9CBD30219E5D69000AE71D5 /* ex5_y.dat */ = {isa = PBXFileReference; lastKnownFileType = file; path = ex5_y.dat; sourceTree = "<group>"; };
		C9CBD30319E5D69000AE71D5 /* ex5_ycv.dat */ = {isa = PBXFileReference; lastKnownFileType = file; path = ex5_ycv.dat; sourceTree = "<group>"; };
		C9CBD30419E5D69000AE71D5 /* ex7data1_X.dat */ = {isa = PBXFileReference; lastKnownFileType = file; path = ex7data1_X.dat; sourceTree = "<group>"; };
		C9CBD30519E5D69000AE71D5 /* ex7data2_X.dat */ = {isa = PBXFileReference; lastKnownFileType = file; path = ex7data2_X.dat; sourceTree = "<group>"; };
		C9CBD30619E5D69000AE71D5 /* Flu.csv */ = {isa = PBXFileReference; fileEncoding = 4; lastKnownFileType = text; path = Flu.csv; sourceTree = "<group>"; };
		C9DC903E19D6253900774B29 /* KMeansTests.m */ = {isa = PBXFileReference; fileEncoding = 4; lastKnownFileType = sourcecode.c.objc; name = KMeansTests.m; path = LearnKitTests/KMeansTests.m; sourceTree = SOURCE_ROOT; };
		C9DCD6D319A03DF200AF3AEC /* arithmetic_ansi.h */ = {isa = PBXFileReference; fileEncoding = 4; lastKnownFileType = sourcecode.c.h; name = arithmetic_ansi.h; path = liblbfgs/lib/arithmetic_ansi.h; sourceTree = SOURCE_ROOT; };
		C9DCD6D419A03DF200AF3AEC /* lbfgs.m */ = {isa = PBXFileReference; fileEncoding = 4; lastKnownFileType = sourcecode.c.objc; name = lbfgs.m; path = liblbfgs/lib/lbfgs.m; sourceTree = SOURCE_ROOT; };
		C9DCD6D719A03E1700AF3AEC /* lbfgs.h */ = {isa = PBXFileReference; lastKnownFileType = sourcecode.c.h; name = lbfgs.h; path = liblbfgs/include/lbfgs.h; sourceTree = SOURCE_ROOT; };
		C9EC9A571A1ADCE0005D7863 /* LNKMatrixExporting.h */ = {isa = PBXFileReference; fileEncoding = 4; lastKnownFileType = sourcecode.c.h; path = LNKMatrixExporting.h; sourceTree = "<group>"; };
		C9EC9A581A1ADCE0005D7863 /* LNKMatrixExporting.m */ = {isa = PBXFileReference; fileEncoding = 4; lastKnownFileType = sourcecode.c.objc; path = LNKMatrixExporting.m; sourceTree = "<group>"; };
/* End PBXFileReference section */

/* Begin PBXFrameworksBuildPhase section */
		C975911B19A04AF9003D3A48 /* Frameworks */ = {
			isa = PBXFrameworksBuildPhase;
			buildActionMask = 2147483647;
			files = (
				C975914519A04B4F003D3A48 /* Accelerate.framework in Frameworks */,
				C90DDBCB19CF202B003220C7 /* Cocoa.framework in Frameworks */,
				C905AD8A1A1E688B004812DD /* ScriptingBridge.framework in Frameworks */,
			);
			runOnlyForDeploymentPostprocessing = 0;
		};
		C9AC1F91199AFDCC006D7122 /* Frameworks */ = {
			isa = PBXFrameworksBuildPhase;
			buildActionMask = 2147483647;
			files = (
				C975914619A04BB3003D3A48 /* Accelerate.framework in Frameworks */,
				C90DDBC819CF1F80003220C7 /* Cocoa.framework in Frameworks */,
				C905AD8D1A1E6BDB004812DD /* ScriptingBridge.framework in Frameworks */,
			);
			runOnlyForDeploymentPostprocessing = 0;
		};
/* End PBXFrameworksBuildPhase section */

/* Begin PBXGroup section */
		C915807219E8B1C000879FD5 /* Anomaly Detector */ = {
			isa = PBXGroup;
			children = (
				C915807819E8B26200879FD5 /* _LNKAnomalyDetectorAC.h */,
				C915807919E8B26200879FD5 /* _LNKAnomalyDetectorAC.m */,
				C915807319E8B1C000879FD5 /* LNKAnomalyDetector.h */,
				C915807419E8B1C000879FD5 /* LNKAnomalyDetector.m */,
			);
			name = "Anomaly Detector";
			path = "LearnKit/Anomaly Detector";
			sourceTree = SOURCE_ROOT;
		};
		C94FE76619BA8A6600251EDF /* fmincg */ = {
			isa = PBXGroup;
			children = (
				C94FE76719BA8A6600251EDF /* fmincg.m */,
				C94FE76819BA8A6600251EDF /* fmincg.h */,
			);
			path = fmincg;
			sourceTree = SOURCE_ROOT;
		};
		C97FF0A71A1D081C00F6CEDA /* Additions */ = {
			isa = PBXGroup;
			children = (
				C99C8B101A1D80A6000F0136 /* NSCountedSetAdditions.h */,
				C99C8B111A1D80A6000F0136 /* NSCountedSetAdditions.m */,
				C97FF0A81A1D083100F6CEDA /* NSIndexSetAdditions.h */,
				C97FF0A91A1D083100F6CEDA /* NSIndexSetAdditions.m */,
			);
			name = Additions;
			path = LearnKit/Additions;
			sourceTree = SOURCE_ROOT;
		};
		C9860BEE1A0B4F86009FADAE /* Collaborative Filtering */ = {
			isa = PBXGroup;
			children = (
				C9860BEF1A0B4F86009FADAE /* LNKCollaborativeFilteringPredictor.h */,
				C9860BF01A0B4F86009FADAE /* LNKCollaborativeFilteringPredictor.m */,
				C9860BF41A0B5059009FADAE /* LNKCollaborativeFilteringPredictorPrivate.h */,
			);
			name = "Collaborative Filtering";
			path = "LearnKit/Collaborative Filtering";
			sourceTree = SOURCE_ROOT;
		};
		C99501761A1C6AB1005E0C9E /* Decision Trees */ = {
			isa = PBXGroup;
			children = (
				C97FF0B11A1D233300F6CEDA /* LNKDecisionTree.h */,
				C97FF0B21A1D233300F6CEDA /* LNKDecisionTree.m */,
				C99501771A1C6ACD005E0C9E /* LNKDecisionTreeClassifier.h */,
				C99501781A1C6ACD005E0C9E /* LNKDecisionTreeClassifier.m */,
			);
			name = "Decision Trees";
			path = "LearnKit/Decision Trees";
			sourceTree = SOURCE_ROOT;
		};
		C9AC1F73199AFC1F006D7122 = {
			isa = PBXGroup;
			children = (
				C94FE76619BA8A6600251EDF /* fmincg */,
				C9DCD6D219A03DDB00AF3AEC /* liblbfgs */,
				C9AC1F7E199AFC1F006D7122 /* LearnKit */,
				C9AC1F95199AFDCC006D7122 /* LearnKit Tests */,
				C9AC1F8E199AFD61006D7122 /* Frameworks */,
				C9AC1F7D199AFC1F006D7122 /* Products */,
			);
			sourceTree = "<group>";
		};
		C9AC1F7D199AFC1F006D7122 /* Products */ = {
			isa = PBXGroup;
			children = (
				C9AC1F94199AFDCC006D7122 /* LearnKitTests.xctest */,
				C975911F19A04AF9003D3A48 /* LearnKit.framework */,
			);
			name = Products;
			sourceTree = "<group>";
		};
		C9AC1F7E199AFC1F006D7122 /* LearnKit */ = {
			isa = PBXGroup;
			children = (
				C94F195019A6F0FF00BD967C /* Info.plist */,
				C94F195119A6F0FF00BD967C /* LearnKit.h */,
				C9AC0DE019A04CC00061DEFB /* Prefix.pch */,
				C9CBD24119E5D3F500AE71D5 /* Accelerate Extensions */,
				C97FF0A71A1D081C00F6CEDA /* Additions */,
				C915807219E8B1C000879FD5 /* Anomaly Detector */,
				C9860BEE1A0B4F86009FADAE /* Collaborative Filtering */,
				C9CBD2BD19E5D52900AE71D5 /* Core */,
				C99501761A1C6AB1005E0C9E /* Decision Trees */,
				C9CBD24C19E5D41D00AE71D5 /* K-Means */,
				C9CBD25919E5D44400AE71D5 /* K-NN */,
				C9CBD26419E5D46900AE71D5 /* Linear Regression */,
				C9CBD2A619E5D4FD00AE71D5 /* Logistic Regression */,
				C9CBD28019E5D48D00AE71D5 /* Naive Bayes */,
				C9CBD28D19E5D4AD00AE71D5 /* Neural Network */,
				C9CBD2A019E5D4D400AE71D5 /* UI */,
			);
			name = LearnKit;
			path = LinearRegression;
			sourceTree = "<group>";
		};
		C9AC1F8E199AFD61006D7122 /* Frameworks */ = {
			isa = PBXGroup;
			children = (
				C9AC1F8C199AFD57006D7122 /* Accelerate.framework */,
				C90DDBC719CF1F80003220C7 /* Cocoa.framework */,
				C905AD891A1E688B004812DD /* ScriptingBridge.framework */,
			);
			name = Frameworks;
			sourceTree = "<group>";
		};
		C9AC1F95199AFDCC006D7122 /* LearnKit Tests */ = {
			isa = PBXGroup;
			children = (
				C9AC0DCD19A04C950061DEFB /* AccelerateTests.m */,
				C915807D19E8B66200879FD5 /* AnomalyDetectorTests.m */,
				C9860BF91A0B50E7009FADAE /* CollaborativeFilteringTests.m */,
				C97FF0AD1A1D111300F6CEDA /* DecisionTreeTests.m */,
				C9DC903E19D6253900774B29 /* KMeansTests.m */,
				C95D950C19DFBCE300BE8768 /* KNNTests.m */,
				C9AC0DCE19A04C950061DEFB /* LinearRegressionTests.m */,
				C9AC0DCF19A04C950061DEFB /* LogisticRegressionTests.m */,
				C9460E281A144AA4000E577B /* MatrixTests.m */,
				C90ACF5019E358B7002DB7C0 /* NaiveBayesTests.m */,
				C9AE9EF319AC2D2100A47178 /* NNTests.m */,
				C93E7B0619D79C140014C67B /* PCATests.m */,
				C971B4EE19DA6ECB0066C78B /* StructureTests.m */,
				C9943ABA19A5AECF00F91C25 /* LNKMatrixTestExtras.h */,
				C9943ABB19A5AECF00F91C25 /* LNKMatrixTestExtras.m */,
				C9CBD2F619E5D69000AE71D5 /* Data */,
				C9AC1F96199AFDCC006D7122 /* Supporting Files */,
			);
			name = "LearnKit Tests";
			path = LinearRegressionTests;
			sourceTree = "<group>";
		};
		C9AC1F96199AFDCC006D7122 /* Supporting Files */ = {
			isa = PBXGroup;
			children = (
				C9AC0DF319A04CD10061DEFB /* Info.plist */,
			);
			name = "Supporting Files";
			sourceTree = "<group>";
		};
		C9CBD24119E5D3F500AE71D5 /* Accelerate Extensions */ = {
			isa = PBXGroup;
			children = (
				C9CBD24219E5D3F500AE71D5 /* LNKAccelerate.h */,
				C9CBD24319E5D3F500AE71D5 /* LNKAccelerate.m */,
				C9CBD24419E5D3F500AE71D5 /* LNKAccelerateGradient.h */,
				C9CBD24519E5D3F500AE71D5 /* LNKAccelerateGradient.m */,
			);
			name = "Accelerate Extensions";
			path = "LearnKit/Accelerate Extensions";
			sourceTree = SOURCE_ROOT;
		};
		C9CBD24C19E5D41D00AE71D5 /* K-Means */ = {
			isa = PBXGroup;
			children = (
				C9CBD24D19E5D41D00AE71D5 /* _LNKKMeansClassifierAC.h */,
				C9CBD24E19E5D41D00AE71D5 /* _LNKKMeansClassifierAC.m */,
				C9CBD24F19E5D41D00AE71D5 /* LNKKMeansClassifier.h */,
				C9CBD25019E5D41D00AE71D5 /* LNKKMeansClassifier.m */,
				C9CBD25119E5D41D00AE71D5 /* LNKKMeansClassifierPrivate.h */,
			);
			name = "K-Means";
			path = "LearnKit/K-Means";
			sourceTree = SOURCE_ROOT;
		};
		C9CBD25919E5D44400AE71D5 /* K-NN */ = {
			isa = PBXGroup;
			children = (
				C9CBD25A19E5D44400AE71D5 /* _LNKKNNClassifierAC.h */,
				C9CBD25B19E5D44400AE71D5 /* _LNKKNNClassifierAC.m */,
				C9CBD25C19E5D44400AE71D5 /* LNKKNNClassifier.h */,
				C9CBD25D19E5D44400AE71D5 /* LNKKNNClassifier.m */,
			);
			name = "K-NN";
			path = "LearnKit/K-NN";
			sourceTree = SOURCE_ROOT;
		};
		C9CBD26419E5D46900AE71D5 /* Linear Regression */ = {
			isa = PBXGroup;
			children = (
				C9CBD26519E5D46900AE71D5 /* _LNKLinRegPredictorAC.h */,
				C9CBD26619E5D46900AE71D5 /* _LNKLinRegPredictorAC.m */,
				C9CBD26719E5D46900AE71D5 /* _LNKLinRegPredictorGD_AC.h */,
				C9CBD26819E5D46900AE71D5 /* _LNKLinRegPredictorGD_AC.m */,
				C9CBD26919E5D46900AE71D5 /* _LNKLinRegPredictorLBFGS_AC.h */,
				C9CBD26A19E5D46900AE71D5 /* _LNKLinRegPredictorLBFGS_AC.m */,
				C9CBD26B19E5D46900AE71D5 /* _LNKLinRegPredictorNE_AC.h */,
				C9CBD26C19E5D46900AE71D5 /* _LNKLinRegPredictorNE_AC.m */,
				C9CBD26D19E5D46900AE71D5 /* LNKLinRegPredictor.h */,
				C9CBD26E19E5D46900AE71D5 /* LNKLinRegPredictor.m */,
				C9CBD26F19E5D46900AE71D5 /* LNKLinRegPredictorPrivate.h */,
			);
			name = "Linear Regression";
			path = "LearnKit/Linear Regression";
			sourceTree = SOURCE_ROOT;
		};
		C9CBD28019E5D48D00AE71D5 /* Naive Bayes */ = {
			isa = PBXGroup;
			children = (
				C9CBD28119E5D48D00AE71D5 /* _LNKNaiveBayesClassifierAC.h */,
				C9CBD28219E5D48D00AE71D5 /* _LNKNaiveBayesClassifierAC.m */,
				C9CBD28319E5D48D00AE71D5 /* LNKNaiveBayesClassifier.h */,
				C9CBD28419E5D48D00AE71D5 /* LNKNaiveBayesClassifier.m */,
				C9CBD28519E5D48D00AE71D5 /* LNKNaiveBayesClassifierPrivate.h */,
			);
			name = "Naive Bayes";
			path = "LearnKit/Naive Bayes";
			sourceTree = SOURCE_ROOT;
		};
		C9CBD28D19E5D4AD00AE71D5 /* Neural Network */ = {
			isa = PBXGroup;
			children = (
				C9CBD28E19E5D4AD00AE71D5 /* _LNKNeuralNetClassifierAC.h */,
				C9CBD28F19E5D4AD00AE71D5 /* _LNKNeuralNetClassifierAC.m */,
				C9CBD29019E5D4AD00AE71D5 /* LNKNeuralNetClassifier.h */,
				C9CBD29119E5D4AD00AE71D5 /* LNKNeuralNetClassifier.m */,
				C9CBD29219E5D4AD00AE71D5 /* LNKNeuralNetClassifierPrivate.h */,
			);
			name = "Neural Network";
			path = "LearnKit/Neural Network";
			sourceTree = SOURCE_ROOT;
		};
		C9CBD2A019E5D4D400AE71D5 /* UI */ = {
			isa = PBXGroup;
			children = (
				C9CBD2A119E5D4D400AE71D5 /* LNKMatrixUI.h */,
				C9CBD2A219E5D4D400AE71D5 /* LNKMatrixUI.m */,
				C905AD8B1A1E6907004812DD /* Numbers.h */,
			);
			name = UI;
			path = LearnKit/UI;
			sourceTree = SOURCE_ROOT;
		};
		C9CBD2A619E5D4FD00AE71D5 /* Logistic Regression */ = {
			isa = PBXGroup;
			children = (
				C9CBD2A719E5D4FD00AE71D5 /* _LNKLogRegClassifierLBFGS_AC.h */,
				C9CBD2A819E5D4FD00AE71D5 /* _LNKLogRegClassifierLBFGS_AC.m */,
				C9CBD2A919E5D4FD00AE71D5 /* _LNKOneVsAllLogRegClassifierLBFGS_AC.h */,
				C9CBD2AA19E5D4FD00AE71D5 /* _LNKOneVsAllLogRegClassifierLBFGS_AC.m */,
				C9CBD2AB19E5D4FD00AE71D5 /* LNKLogRegClassifier.h */,
				C9CBD2AC19E5D4FD00AE71D5 /* LNKLogRegClassifier.m */,
				C9CBD2AD19E5D4FD00AE71D5 /* LNKLogRegClassifierPrivate.h */,
				C9CBD2AE19E5D4FD00AE71D5 /* LNKOneVsAllLogRegClassifier.h */,
				C9CBD2AF19E5D4FD00AE71D5 /* LNKOneVsAllLogRegClassifier.m */,
			);
			name = "Logistic Regression";
			path = "LearnKit/Logistic Regression";
			sourceTree = SOURCE_ROOT;
		};
		C9CBD2BD19E5D52900AE71D5 /* Core */ = {
			isa = PBXGroup;
			children = (
				C9CBD2BE19E5D52900AE71D5 /* LNKClassifier.h */,
				C9CBD2BF19E5D52900AE71D5 /* LNKClassifier.m */,
				C9CBD2C019E5D52900AE71D5 /* LNKClassifierPrivate.h */,
				C9CBD2C619E5D52900AE71D5 /* LNKFastArray.h */,
				C9CBD2C719E5D52900AE71D5 /* LNKFastArray.m */,
				C9CBD2C819E5D52900AE71D5 /* LNKFastFloatQueue.h */,
				C9CBD2C919E5D52900AE71D5 /* LNKFastFloatQueue.m */,
				C9CBD2C119E5D52900AE71D5 /* LNKMatrix.h */,
				C9CBD2C219E5D52900AE71D5 /* LNKMatrix.m */,
				C9EC9A571A1ADCE0005D7863 /* LNKMatrixExporting.h */,
				C9EC9A581A1ADCE0005D7863 /* LNKMatrixExporting.m */,
				C9CBD2C319E5D52900AE71D5 /* LNKMatrixPCA.h */,
				C9CBD2C419E5D52900AE71D5 /* LNKMatrixPCA.m */,
				C9CBD2C519E5D52900AE71D5 /* LNKMatrixPrivate.h */,
				C9CBD2CA19E5D52900AE71D5 /* LNKMemoryBufferManager.h */,
				C9CBD2CB19E5D52900AE71D5 /* LNKMemoryBufferManager.m */,
				C9CBD2CC19E5D52900AE71D5 /* LNKOptimizationAlgorithm.h */,
				C9CBD2CD19E5D52900AE71D5 /* LNKOptimizationAlgorithm.m */,
				C9CBD2CE19E5D52900AE71D5 /* LNKPredictor.h */,
				C9CBD2CF19E5D52900AE71D5 /* LNKPredictor.m */,
				C9CBD2D019E5D52900AE71D5 /* LNKPredictorPrivate.h */,
				C9CBD2D119E5D52900AE71D5 /* LNKTypes.h */,
				C9CBD2D219E5D52900AE71D5 /* LNKTypes.m */,
				C9CBD2D319E5D52900AE71D5 /* LNKUtilities.h */,
				C9CBD2D419E5D52900AE71D5 /* LNKUtilities.m */,
			);
			name = Core;
			path = LearnKit/Core;
			sourceTree = SOURCE_ROOT;
		};
		C9CBD2F619E5D69000AE71D5 /* Data */ = {
			isa = PBXGroup;
			children = (
				C915808319E8EC9600879FD5 /* AnomalyPerformance.mat */,
				C915808419E8EC9600879FD5 /* AnomalyPerformanceVal.mat */,
				C915808519E8EC9600879FD5 /* AnomalyPerformanceValY.mat */,
				C9CBD2F719E5D69000AE71D5 /* CASP.csv */,
				C9CBD2F819E5D69000AE71D5 /* ex1data1.txt */,
				C9CBD2F919E5D69000AE71D5 /* ex1data2.txt */,
				C9CBD2FA19E5D69000AE71D5 /* ex2data1.csv */,
				C9CBD2FB19E5D69000AE71D5 /* ex2data2.txt */,
				C9CBD2FC19E5D69000AE71D5 /* ex3data1_theta1.dat */,
				C9CBD2FD19E5D69000AE71D5 /* ex3data1_theta2.dat */,
				C9CBD2FE19E5D69000AE71D5 /* ex3data1_X.dat */,
				C9CBD2FF19E5D69000AE71D5 /* ex3data1_y.dat */,
				C9CBD30019E5D69000AE71D5 /* ex5_X.dat */,
				C9CBD30119E5D69000AE71D5 /* ex5_Xcv.dat */,
				C9CBD30219E5D69000AE71D5 /* ex5_y.dat */,
				C9CBD30319E5D69000AE71D5 /* ex5_ycv.dat */,
				C9CBD30419E5D69000AE71D5 /* ex7data1_X.dat */,
				C9CBD30519E5D69000AE71D5 /* ex7data2_X.dat */,
				C9CBD30619E5D69000AE71D5 /* Flu.csv */,
				C92E45191A15396400B6E33F /* MovieIDs.txt */,
				C9860BE01A0B4F04009FADAE /* Movies_R.mat */,
				C9860BE11A0B4F04009FADAE /* Movies_Theta.mat */,
				C9860BE21A0B4F04009FADAE /* Movies_X.mat */,
				C9860BE31A0B4F04009FADAE /* Movies_Y.mat */,
				C915806A19E8B12F00879FD5 /* ServerStatistics.mat */,
				C915807F19E8E4FB00879FD5 /* ServerStatisticsVal.mat */,
				C915808019E8E4FB00879FD5 /* ServerStatisticsValY.mat */,
				C97FF0AF1A1D116600F6CEDA /* WillWait.csv */,
			);
			name = Data;
			path = LearnKitTests/Data;
			sourceTree = SOURCE_ROOT;
		};
		C9DCD6D219A03DDB00AF3AEC /* liblbfgs */ = {
			isa = PBXGroup;
			children = (
				C9DCD6D319A03DF200AF3AEC /* arithmetic_ansi.h */,
				C9DCD6D719A03E1700AF3AEC /* lbfgs.h */,
				C9DCD6D419A03DF200AF3AEC /* lbfgs.m */,
			);
			name = liblbfgs;
			path = LinearRegression;
			sourceTree = "<group>";
		};
/* End PBXGroup section */

/* Begin PBXHeadersBuildPhase section */
		C975911C19A04AF9003D3A48 /* Headers */ = {
			isa = PBXHeadersBuildPhase;
			buildActionMask = 2147483647;
			files = (
				C9860BF61A0B5059009FADAE /* LNKCollaborativeFilteringPredictorPrivate.h in Headers */,
				C94F195319A6F0FF00BD967C /* LearnKit.h in Headers */,
				C915807519E8B1C000879FD5 /* LNKAnomalyDetector.h in Headers */,
				C9CBD2D519E5D52900AE71D5 /* LNKClassifier.h in Headers */,
				C9860BF11A0B4F86009FADAE /* LNKCollaborativeFilteringPredictor.h in Headers */,
				C99501791A1C6ACD005E0C9E /* LNKDecisionTreeClassifier.h in Headers */,
				C9CBD24619E5D3F500AE71D5 /* LNKAccelerate.h in Headers */,
				C9CBD25519E5D41D00AE71D5 /* LNKKMeansClassifier.h in Headers */,
				C9CBD26119E5D44400AE71D5 /* LNKKNNClassifier.h in Headers */,
				C9CBD27C19E5D46900AE71D5 /* LNKLinRegPredictor.h in Headers */,
				C9CBD2B619E5D4FD00AE71D5 /* LNKLogRegClassifier.h in Headers */,
				C99C8B121A1D80A6000F0136 /* NSCountedSetAdditions.h in Headers */,
				C97FF0B31A1D233300F6CEDA /* LNKDecisionTree.h in Headers */,
				C9CBD2D919E5D52900AE71D5 /* LNKMatrix.h in Headers */,
				C9EC9A591A1ADCE0005D7863 /* LNKMatrixExporting.h in Headers */,
				C9CBD2DC19E5D52900AE71D5 /* LNKMatrixPCA.h in Headers */,
				C9CBD2A319E5D4D400AE71D5 /* LNKMatrixUI.h in Headers */,
				C9CBD28919E5D48D00AE71D5 /* LNKNaiveBayesClassifier.h in Headers */,
				C9CBD29619E5D4AD00AE71D5 /* LNKNeuralNetClassifier.h in Headers */,
				C9CBD2BA19E5D4FD00AE71D5 /* LNKOneVsAllLogRegClassifier.h in Headers */,
				C9CBD2E919E5D52900AE71D5 /* LNKOptimizationAlgorithm.h in Headers */,
				C9CBD2EC19E5D52900AE71D5 /* LNKPredictor.h in Headers */,
				C9CBD2F019E5D52900AE71D5 /* LNKTypes.h in Headers */,
				C9CBD2F319E5D52900AE71D5 /* LNKUtilities.h in Headers */,
				C9CBD25E19E5D44400AE71D5 /* _LNKKNNClassifierAC.h in Headers */,
				C9CBD24919E5D3F500AE71D5 /* LNKAccelerateGradient.h in Headers */,
				C9CBD25219E5D41D00AE71D5 /* _LNKKMeansClassifierAC.h in Headers */,
				C9CBD2B319E5D4FD00AE71D5 /* _LNKOneVsAllLogRegClassifierLBFGS_AC.h in Headers */,
				C9CBD2B919E5D4FD00AE71D5 /* LNKLogRegClassifierPrivate.h in Headers */,
				C94FE76B19BA8A6600251EDF /* fmincg.h in Headers */,
				C9CBD27919E5D46900AE71D5 /* _LNKLinRegPredictorNE_AC.h in Headers */,
				C9CBD27319E5D46900AE71D5 /* _LNKLinRegPredictorGD_AC.h in Headers */,
				C9CBD2E319E5D52900AE71D5 /* LNKFastFloatQueue.h in Headers */,
				C97FF0AA1A1D083100F6CEDA /* NSIndexSetAdditions.h in Headers */,
				C9CBD27F19E5D46900AE71D5 /* LNKLinRegPredictorPrivate.h in Headers */,
				C9CBD28C19E5D48D00AE71D5 /* LNKNaiveBayesClassifierPrivate.h in Headers */,
				C9CBD2D819E5D52900AE71D5 /* LNKClassifierPrivate.h in Headers */,
				C905AD8C1A1E6907004812DD /* Numbers.h in Headers */,
				C9CBD27019E5D46900AE71D5 /* _LNKLinRegPredictorAC.h in Headers */,
				C9CBD2B019E5D4FD00AE71D5 /* _LNKLogRegClassifierLBFGS_AC.h in Headers */,
				C9CBD29919E5D4AD00AE71D5 /* LNKNeuralNetClassifierPrivate.h in Headers */,
				C9CBD27619E5D46900AE71D5 /* _LNKLinRegPredictorLBFGS_AC.h in Headers */,
				C9CBD25819E5D41D00AE71D5 /* LNKKMeansClassifierPrivate.h in Headers */,
				C9CBD2EF19E5D52900AE71D5 /* LNKPredictorPrivate.h in Headers */,
				C9CBD2E619E5D52900AE71D5 /* LNKMemoryBufferManager.h in Headers */,
				C9CBD28619E5D48D00AE71D5 /* _LNKNaiveBayesClassifierAC.h in Headers */,
				C9CBD2DF19E5D52900AE71D5 /* LNKMatrixPrivate.h in Headers */,
				C9CBD29319E5D4AD00AE71D5 /* _LNKNeuralNetClassifierAC.h in Headers */,
				C915807A19E8B26200879FD5 /* _LNKAnomalyDetectorAC.h in Headers */,
				C9CBD2E019E5D52900AE71D5 /* LNKFastArray.h in Headers */,
			);
			runOnlyForDeploymentPostprocessing = 0;
		};
/* End PBXHeadersBuildPhase section */

/* Begin PBXNativeTarget section */
		C975911E19A04AF9003D3A48 /* LearnKit */ = {
			isa = PBXNativeTarget;
			buildConfigurationList = C975913219A04AF9003D3A48 /* Build configuration list for PBXNativeTarget "LearnKit" */;
			buildPhases = (
				C975911A19A04AF9003D3A48 /* Sources */,
				C975911B19A04AF9003D3A48 /* Frameworks */,
				C975911C19A04AF9003D3A48 /* Headers */,
				C975911D19A04AF9003D3A48 /* Resources */,
			);
			buildRules = (
			);
			dependencies = (
			);
			name = LearnKit;
			productName = LearnKit;
			productReference = C975911F19A04AF9003D3A48 /* LearnKit.framework */;
			productType = "com.apple.product-type.framework";
		};
		C9AC1F93199AFDCC006D7122 /* LearnKitTests */ = {
			isa = PBXNativeTarget;
			buildConfigurationList = C9AC1F9A199AFDCC006D7122 /* Build configuration list for PBXNativeTarget "LearnKitTests" */;
			buildPhases = (
				C9AC1F90199AFDCC006D7122 /* Sources */,
				C9AC1F91199AFDCC006D7122 /* Frameworks */,
				C9AC1F92199AFDCC006D7122 /* Resources */,
			);
			buildRules = (
			);
			dependencies = (
				C94F194F19A6EFA400BD967C /* PBXTargetDependency */,
			);
			name = LearnKitTests;
			productName = LinearRegressionTests;
			productReference = C9AC1F94199AFDCC006D7122 /* LearnKitTests.xctest */;
			productType = "com.apple.product-type.bundle.unit-test";
		};
/* End PBXNativeTarget section */

/* Begin PBXProject section */
		C9AC1F74199AFC1F006D7122 /* Project object */ = {
			isa = PBXProject;
			attributes = {
				LastUpgradeCheck = 0600;
				ORGANIZATIONNAME = "Matt Rajca";
				TargetAttributes = {
					C975911E19A04AF9003D3A48 = {
						CreatedOnToolsVersion = 6.0;
					};
					C9AC1F93199AFDCC006D7122 = {
						CreatedOnToolsVersion = 6.0;
					};
				};
			};
			buildConfigurationList = C9AC1F77199AFC1F006D7122 /* Build configuration list for PBXProject "LearnKit" */;
			compatibilityVersion = "Xcode 3.2";
			developmentRegion = English;
			hasScannedForEncodings = 0;
			knownRegions = (
				en,
			);
			mainGroup = C9AC1F73199AFC1F006D7122;
			productRefGroup = C9AC1F7D199AFC1F006D7122 /* Products */;
			projectDirPath = "";
			projectRoot = "";
			targets = (
				C975911E19A04AF9003D3A48 /* LearnKit */,
				C9AC1F93199AFDCC006D7122 /* LearnKitTests */,
			);
		};
/* End PBXProject section */

/* Begin PBXResourcesBuildPhase section */
		C975911D19A04AF9003D3A48 /* Resources */ = {
			isa = PBXResourcesBuildPhase;
			buildActionMask = 2147483647;
			files = (
			);
			runOnlyForDeploymentPostprocessing = 0;
		};
		C9AC1F92199AFDCC006D7122 /* Resources */ = {
			isa = PBXResourcesBuildPhase;
			buildActionMask = 2147483647;
			files = (
				C9CBD30A19E5D69000AE71D5 /* ex2data1.csv in Resources */,
				C9CBD31519E5D69000AE71D5 /* ex7data2_X.dat in Resources */,
				C92E451A1A15396400B6E33F /* MovieIDs.txt in Resources */,
				C9CBD30D19E5D69000AE71D5 /* ex3data1_theta2.dat in Resources */,
				C9CBD31319E5D69000AE71D5 /* ex5_ycv.dat in Resources */,
				C9CBD31419E5D69000AE71D5 /* ex7data1_X.dat in Resources */,
				C9CBD30F19E5D69000AE71D5 /* ex3data1_y.dat in Resources */,
				C915808119E8E4FB00879FD5 /* ServerStatisticsVal.mat in Resources */,
				C9860BE71A0B4F04009FADAE /* Movies_Y.mat in Resources */,
				C9CBD30919E5D69000AE71D5 /* ex1data2.txt in Resources */,
				C9860BE51A0B4F04009FADAE /* Movies_Theta.mat in Resources */,
				C915808719E8EC9600879FD5 /* AnomalyPerformanceVal.mat in Resources */,
				C915808219E8E4FB00879FD5 /* ServerStatisticsValY.mat in Resources */,
				C9860BE41A0B4F04009FADAE /* Movies_R.mat in Resources */,
				C9CBD30719E5D69000AE71D5 /* CASP.csv in Resources */,
				C9CBD31619E5D69000AE71D5 /* Flu.csv in Resources */,
				C9860BE61A0B4F04009FADAE /* Movies_X.mat in Resources */,
				C9CBD30819E5D69000AE71D5 /* ex1data1.txt in Resources */,
				C9CBD30B19E5D69000AE71D5 /* ex2data2.txt in Resources */,
				C9CBD30C19E5D69000AE71D5 /* ex3data1_theta1.dat in Resources */,
				C9CBD31119E5D69000AE71D5 /* ex5_Xcv.dat in Resources */,
				C9CBD30E19E5D69000AE71D5 /* ex3data1_X.dat in Resources */,
				C9CBD31219E5D69000AE71D5 /* ex5_y.dat in Resources */,
				C915808619E8EC9600879FD5 /* AnomalyPerformance.mat in Resources */,
				C915808819E8EC9600879FD5 /* AnomalyPerformanceValY.mat in Resources */,
				C9CBD31019E5D69000AE71D5 /* ex5_X.dat in Resources */,
				C915806B19E8B12F00879FD5 /* ServerStatistics.mat in Resources */,
				C97FF0B01A1D116600F6CEDA /* WillWait.csv in Resources */,
			);
			runOnlyForDeploymentPostprocessing = 0;
		};
/* End PBXResourcesBuildPhase section */

/* Begin PBXSourcesBuildPhase section */
		C975911A19A04AF9003D3A48 /* Sources */ = {
			isa = PBXSourcesBuildPhase;
			buildActionMask = 2147483647;
			files = (
				C99C8B131A1D80A6000F0136 /* NSCountedSetAdditions.m in Sources */,
				C9CBD2A419E5D4D400AE71D5 /* LNKMatrixUI.m in Sources */,
				C9CBD27D19E5D46900AE71D5 /* LNKLinRegPredictor.m in Sources */,
				C9CBD24719E5D3F500AE71D5 /* LNKAccelerate.m in Sources */,
				C9CBD27A19E5D46900AE71D5 /* _LNKLinRegPredictorNE_AC.m in Sources */,
				C9CBD28719E5D48D00AE71D5 /* _LNKNaiveBayesClassifierAC.m in Sources */,
				C915807619E8B1C000879FD5 /* LNKAnomalyDetector.m in Sources */,
				C9CBD28A19E5D48D00AE71D5 /* LNKNaiveBayesClassifier.m in Sources */,
				C9CBD2E419E5D52900AE71D5 /* LNKFastFloatQueue.m in Sources */,
				C9CBD2BB19E5D4FD00AE71D5 /* LNKOneVsAllLogRegClassifier.m in Sources */,
				C9EC9A5A1A1ADCE0005D7863 /* LNKMatrixExporting.m in Sources */,
				C975913819A04B44003D3A48 /* lbfgs.m in Sources */,
				C9860BF21A0B4F86009FADAE /* LNKCollaborativeFilteringPredictor.m in Sources */,
				C9CBD2DA19E5D52900AE71D5 /* LNKMatrix.m in Sources */,
				C915807B19E8B26200879FD5 /* _LNKAnomalyDetectorAC.m in Sources */,
				C9CBD2F419E5D52900AE71D5 /* LNKUtilities.m in Sources */,
				C9CBD2B419E5D4FD00AE71D5 /* _LNKOneVsAllLogRegClassifierLBFGS_AC.m in Sources */,
				C9CBD27419E5D46900AE71D5 /* _LNKLinRegPredictorGD_AC.m in Sources */,
				C9CBD24A19E5D3F500AE71D5 /* LNKAccelerateGradient.m in Sources */,
				C9CBD29719E5D4AD00AE71D5 /* LNKNeuralNetClassifier.m in Sources */,
				C9CBD2B719E5D4FD00AE71D5 /* LNKLogRegClassifier.m in Sources */,
				C9CBD2EA19E5D52900AE71D5 /* LNKOptimizationAlgorithm.m in Sources */,
				C9CBD2B119E5D4FD00AE71D5 /* _LNKLogRegClassifierLBFGS_AC.m in Sources */,
				C9CBD2D619E5D52900AE71D5 /* LNKClassifier.m in Sources */,
				C9CBD25F19E5D44400AE71D5 /* _LNKKNNClassifierAC.m in Sources */,
				C9CBD2E719E5D52900AE71D5 /* LNKMemoryBufferManager.m in Sources */,
				C9CBD2E119E5D52900AE71D5 /* LNKFastArray.m in Sources */,
				C9CBD27719E5D46900AE71D5 /* _LNKLinRegPredictorLBFGS_AC.m in Sources */,
				C9CBD29419E5D4AD00AE71D5 /* _LNKNeuralNetClassifierAC.m in Sources */,
				C9CBD2F119E5D52900AE71D5 /* LNKTypes.m in Sources */,
				C9CBD25319E5D41D00AE71D5 /* _LNKKMeansClassifierAC.m in Sources */,
				C9CBD25619E5D41D00AE71D5 /* LNKKMeansClassifier.m in Sources */,
				C995017A1A1C6ACD005E0C9E /* LNKDecisionTreeClassifier.m in Sources */,
				C97FF0B41A1D233300F6CEDA /* LNKDecisionTree.m in Sources */,
				C9CBD27119E5D46900AE71D5 /* _LNKLinRegPredictorAC.m in Sources */,
				C94FE76919BA8A6600251EDF /* fmincg.m in Sources */,
				C97FF0AB1A1D083100F6CEDA /* NSIndexSetAdditions.m in Sources */,
				C9CBD2DD19E5D52900AE71D5 /* LNKMatrixPCA.m in Sources */,
				C9CBD2ED19E5D52900AE71D5 /* LNKPredictor.m in Sources */,
				C9CBD26219E5D44400AE71D5 /* LNKKNNClassifier.m in Sources */,
			);
			runOnlyForDeploymentPostprocessing = 0;
		};
		C9AC1F90199AFDCC006D7122 /* Sources */ = {
			isa = PBXSourcesBuildPhase;
			buildActionMask = 2147483647;
			files = (
				C9CBD26319E5D44400AE71D5 /* LNKKNNClassifier.m in Sources */,
				C9943ABC19A5AECF00F91C25 /* LNKMatrixTestExtras.m in Sources */,
				C9CBD2E819E5D52900AE71D5 /* LNKMemoryBufferManager.m in Sources */,
				C9AE9EF419AC2D2100A47178 /* NNTests.m in Sources */,
				C97FF0B51A1D233300F6CEDA /* LNKDecisionTree.m in Sources */,
				C9AC0DD519A04C950061DEFB /* LogisticRegressionTests.m in Sources */,
				C9CBD2EB19E5D52900AE71D5 /* LNKOptimizationAlgorithm.m in Sources */,
				C9CBD27E19E5D46900AE71D5 /* LNKLinRegPredictor.m in Sources */,
				C9CBD27B19E5D46900AE71D5 /* _LNKLinRegPredictorNE_AC.m in Sources */,
				C9CBD2B519E5D4FD00AE71D5 /* _LNKOneVsAllLogRegClassifierLBFGS_AC.m in Sources */,
				C9DCD6D619A03DF200AF3AEC /* lbfgs.m in Sources */,
				C9AC0DD319A04C950061DEFB /* LinearRegressionTests.m in Sources */,
				C97FF0AE1A1D111300F6CEDA /* DecisionTreeTests.m in Sources */,
				C9CBD2F219E5D52900AE71D5 /* LNKTypes.m in Sources */,
				C915807E19E8B66200879FD5 /* AnomalyDetectorTests.m in Sources */,
				C9CBD25419E5D41D00AE71D5 /* _LNKKMeansClassifierAC.m in Sources */,
				C9CBD24B19E5D3F500AE71D5 /* LNKAccelerateGradient.m in Sources */,
				C9CBD27819E5D46900AE71D5 /* _LNKLinRegPredictorLBFGS_AC.m in Sources */,
				C9860BFA1A0B50E7009FADAE /* CollaborativeFilteringTests.m in Sources */,
				C9CBD28819E5D48D00AE71D5 /* _LNKNaiveBayesClassifierAC.m in Sources */,
				C93E7B0719D79C140014C67B /* PCATests.m in Sources */,
				C9DC903F19D6253900774B29 /* KMeansTests.m in Sources */,
				C99C8B141A1D80A6000F0136 /* NSCountedSetAdditions.m in Sources */,
				C995017B1A1C6ACD005E0C9E /* LNKDecisionTreeClassifier.m in Sources */,
				C9CBD2F519E5D52900AE71D5 /* LNKUtilities.m in Sources */,
				C9CBD2E219E5D52900AE71D5 /* LNKFastArray.m in Sources */,
				C9CBD2EE19E5D52900AE71D5 /* LNKPredictor.m in Sources */,
				C9CBD2B219E5D4FD00AE71D5 /* _LNKLogRegClassifierLBFGS_AC.m in Sources */,
				C971B4EF19DA6ECB0066C78B /* StructureTests.m in Sources */,
				C9CBD2A519E5D4D400AE71D5 /* LNKMatrixUI.m in Sources */,
				C9CBD2DE19E5D52900AE71D5 /* LNKMatrixPCA.m in Sources */,
				C9CBD2BC19E5D4FD00AE71D5 /* LNKOneVsAllLogRegClassifier.m in Sources */,
				C9860BF31A0B4F86009FADAE /* LNKCollaborativeFilteringPredictor.m in Sources */,
				C9CBD2D719E5D52900AE71D5 /* LNKClassifier.m in Sources */,
				C9CBD2DB19E5D52900AE71D5 /* LNKMatrix.m in Sources */,
				C90ACF5119E358B7002DB7C0 /* NaiveBayesTests.m in Sources */,
				C9460E291A144AA4000E577B /* MatrixTests.m in Sources */,
				C9AC0DD119A04C950061DEFB /* AccelerateTests.m in Sources */,
				C915807719E8B1C000879FD5 /* LNKAnomalyDetector.m in Sources */,
				C9CBD27219E5D46900AE71D5 /* _LNKLinRegPredictorAC.m in Sources */,
				C9CBD2B819E5D4FD00AE71D5 /* LNKLogRegClassifier.m in Sources */,
				C915807C19E8B26200879FD5 /* _LNKAnomalyDetectorAC.m in Sources */,
				C9CBD26019E5D44400AE71D5 /* _LNKKNNClassifierAC.m in Sources */,
				C9CBD29519E5D4AD00AE71D5 /* _LNKNeuralNetClassifierAC.m in Sources */,
				C94FE76A19BA8A6600251EDF /* fmincg.m in Sources */,
				C9CBD25719E5D41D00AE71D5 /* LNKKMeansClassifier.m in Sources */,
				C9CBD27519E5D46900AE71D5 /* _LNKLinRegPredictorGD_AC.m in Sources */,
				C97FF0AC1A1D083100F6CEDA /* NSIndexSetAdditions.m in Sources */,
				C9CBD29819E5D4AD00AE71D5 /* LNKNeuralNetClassifier.m in Sources */,
				C9EC9A5B1A1ADCE0005D7863 /* LNKMatrixExporting.m in Sources */,
				C9CBD28B19E5D48D00AE71D5 /* LNKNaiveBayesClassifier.m in Sources */,
				C95D950D19DFBCE300BE8768 /* KNNTests.m in Sources */,
				C9CBD24819E5D3F500AE71D5 /* LNKAccelerate.m in Sources */,
				C9CBD2E519E5D52900AE71D5 /* LNKFastFloatQueue.m in Sources */,
			);
			runOnlyForDeploymentPostprocessing = 0;
		};
/* End PBXSourcesBuildPhase section */

/* Begin PBXTargetDependency section */
		C94F194F19A6EFA400BD967C /* PBXTargetDependency */ = {
			isa = PBXTargetDependency;
			target = C975911E19A04AF9003D3A48 /* LearnKit */;
			targetProxy = C94F194E19A6EFA400BD967C /* PBXContainerItemProxy */;
		};
/* End PBXTargetDependency section */

/* Begin XCBuildConfiguration section */
		C975913319A04AF9003D3A48 /* Debug */ = {
			isa = XCBuildConfiguration;
			buildSettings = {
				COMBINE_HIDPI_IMAGES = YES;
				CURRENT_PROJECT_VERSION = 1;
				DEFINES_MODULE = NO;
				DYLIB_COMPATIBILITY_VERSION = 1;
				DYLIB_CURRENT_VERSION = 1;
				DYLIB_INSTALL_NAME_BASE = "@rpath";
				FRAMEWORK_VERSION = A;
				GCC_PRECOMPILE_PREFIX_HEADER = YES;
				GCC_PREFIX_HEADER = "${PROJECT_DIR}/LearnKit/Prefix.pch";
				GCC_PREPROCESSOR_DEFINITIONS = (
					"DEBUG=1",
					"$(inherited)",
				);
				INFOPLIST_FILE = LearnKit/Info.plist;
				INSTALL_PATH = "$(LOCAL_LIBRARY_DIR)/Frameworks";
				LD_RUNPATH_SEARCH_PATHS = "$(inherited) @executable_path/../Frameworks @loader_path/Frameworks";
				PRODUCT_NAME = "$(TARGET_NAME)";
				SKIP_INSTALL = YES;
				VERSIONING_SYSTEM = "apple-generic";
				VERSION_INFO_PREFIX = "";
			};
			name = Debug;
		};
		C975913419A04AF9003D3A48 /* Release */ = {
			isa = XCBuildConfiguration;
			buildSettings = {
				COMBINE_HIDPI_IMAGES = YES;
				CURRENT_PROJECT_VERSION = 1;
				DEFINES_MODULE = NO;
				DYLIB_COMPATIBILITY_VERSION = 1;
				DYLIB_CURRENT_VERSION = 1;
				DYLIB_INSTALL_NAME_BASE = "@rpath";
				FRAMEWORK_VERSION = A;
				GCC_PRECOMPILE_PREFIX_HEADER = YES;
				GCC_PREFIX_HEADER = "${PROJECT_DIR}/LearnKit/Prefix.pch";
				INFOPLIST_FILE = LearnKit/Info.plist;
				INSTALL_PATH = "$(LOCAL_LIBRARY_DIR)/Frameworks";
				LD_RUNPATH_SEARCH_PATHS = "$(inherited) @executable_path/../Frameworks @loader_path/Frameworks";
				PRODUCT_NAME = "$(TARGET_NAME)";
				SKIP_INSTALL = YES;
				VERSIONING_SYSTEM = "apple-generic";
				VERSION_INFO_PREFIX = "";
			};
			name = Release;
		};
		C9AC1F81199AFC1F006D7122 /* Debug */ = {
			isa = XCBuildConfiguration;
			buildSettings = {
				ALWAYS_SEARCH_USER_PATHS = NO;
				CLANG_CXX_LANGUAGE_STANDARD = "gnu++0x";
				CLANG_CXX_LIBRARY = "libc++";
				CLANG_ENABLE_MODULES = NO;
				CLANG_ENABLE_OBJC_ARC = NO;
				CLANG_WARN_BOOL_CONVERSION = YES;
				CLANG_WARN_CONSTANT_CONVERSION = YES;
				CLANG_WARN_DIRECT_OBJC_ISA_USAGE = YES_ERROR;
				CLANG_WARN_EMPTY_BODY = YES;
				CLANG_WARN_ENUM_CONVERSION = YES;
				CLANG_WARN_INT_CONVERSION = YES;
				CLANG_WARN_OBJC_ROOT_CLASS = YES_ERROR;
				CLANG_WARN_UNREACHABLE_CODE = YES;
				CLANG_WARN__DUPLICATE_METHOD_MATCH = YES;
				COPY_PHASE_STRIP = NO;
				ENABLE_STRICT_OBJC_MSGSEND = YES;
				GCC_C_LANGUAGE_STANDARD = gnu99;
				GCC_DYNAMIC_NO_PIC = NO;
				GCC_OPTIMIZATION_LEVEL = 0;
				GCC_PREPROCESSOR_DEFINITIONS = (
					"DEBUG=1",
					"$(inherited)",
				);
				GCC_SYMBOLS_PRIVATE_EXTERN = NO;
				GCC_WARN_64_TO_32_BIT_CONVERSION = YES;
				GCC_WARN_ABOUT_RETURN_TYPE = YES_ERROR;
				GCC_WARN_UNDECLARED_SELECTOR = YES;
				GCC_WARN_UNINITIALIZED_AUTOS = YES_AGGRESSIVE;
				GCC_WARN_UNUSED_FUNCTION = YES;
				GCC_WARN_UNUSED_VARIABLE = YES;
				MACOSX_DEPLOYMENT_TARGET = 10.10;
				ONLY_ACTIVE_ARCH = YES;
				OTHER_CFLAGS = (
					"-Wall",
					"-Wextra",
				);
				SDKROOT = macosx;
			};
			name = Debug;
		};
		C9AC1F82199AFC1F006D7122 /* Release */ = {
			isa = XCBuildConfiguration;
			buildSettings = {
				ALWAYS_SEARCH_USER_PATHS = NO;
				CLANG_CXX_LANGUAGE_STANDARD = "gnu++0x";
				CLANG_CXX_LIBRARY = "libc++";
				CLANG_ENABLE_MODULES = NO;
				CLANG_ENABLE_OBJC_ARC = NO;
				CLANG_WARN_BOOL_CONVERSION = YES;
				CLANG_WARN_CONSTANT_CONVERSION = YES;
				CLANG_WARN_DIRECT_OBJC_ISA_USAGE = YES_ERROR;
				CLANG_WARN_EMPTY_BODY = YES;
				CLANG_WARN_ENUM_CONVERSION = YES;
				CLANG_WARN_INT_CONVERSION = YES;
				CLANG_WARN_OBJC_ROOT_CLASS = YES_ERROR;
				CLANG_WARN_UNREACHABLE_CODE = YES;
				CLANG_WARN__DUPLICATE_METHOD_MATCH = YES;
				COPY_PHASE_STRIP = YES;
				DEBUG_INFORMATION_FORMAT = "dwarf-with-dsym";
				ENABLE_NS_ASSERTIONS = NO;
				ENABLE_STRICT_OBJC_MSGSEND = YES;
				GCC_C_LANGUAGE_STANDARD = gnu99;
				GCC_OPTIMIZATION_LEVEL = 3;
				GCC_WARN_64_TO_32_BIT_CONVERSION = YES;
				GCC_WARN_ABOUT_RETURN_TYPE = YES_ERROR;
				GCC_WARN_UNDECLARED_SELECTOR = YES;
				GCC_WARN_UNINITIALIZED_AUTOS = YES_AGGRESSIVE;
				GCC_WARN_UNUSED_FUNCTION = YES;
				GCC_WARN_UNUSED_VARIABLE = YES;
				MACOSX_DEPLOYMENT_TARGET = 10.10;
				OTHER_CFLAGS = (
					"-Wall",
					"-Wextra",
				);
				SDKROOT = macosx;
			};
			name = Release;
		};
		C9AC1F9B199AFDCC006D7122 /* Debug */ = {
			isa = XCBuildConfiguration;
			buildSettings = {
				COMBINE_HIDPI_IMAGES = YES;
				FRAMEWORK_SEARCH_PATHS = (
					"$(DEVELOPER_FRAMEWORKS_DIR)",
					"$(inherited)",
				);
				GCC_PRECOMPILE_PREFIX_HEADER = YES;
				GCC_PREFIX_HEADER = "${SRCROOT}/LearnKit/Prefix.pch";
				GCC_PREPROCESSOR_DEFINITIONS = (
					"DEBUG=1",
					"$(inherited)",
				);
				INFOPLIST_FILE = LearnKitTests/Info.plist;
				LD_RUNPATH_SEARCH_PATHS = "$(inherited) @executable_path/../Frameworks @loader_path/../Frameworks";
				PRODUCT_NAME = "$(TARGET_NAME)";
			};
			name = Debug;
		};
		C9AC1F9C199AFDCC006D7122 /* Release */ = {
			isa = XCBuildConfiguration;
			buildSettings = {
				COMBINE_HIDPI_IMAGES = YES;
				FRAMEWORK_SEARCH_PATHS = (
					"$(DEVELOPER_FRAMEWORKS_DIR)",
					"$(inherited)",
				);
				GCC_PRECOMPILE_PREFIX_HEADER = YES;
				GCC_PREFIX_HEADER = "${SRCROOT}/LearnKit/Prefix.pch";
				INFOPLIST_FILE = LearnKitTests/Info.plist;
				LD_RUNPATH_SEARCH_PATHS = "$(inherited) @executable_path/../Frameworks @loader_path/../Frameworks";
				PRODUCT_NAME = "$(TARGET_NAME)";
			};
			name = Release;
		};
/* End XCBuildConfiguration section */

/* Begin XCConfigurationList section */
		C975913219A04AF9003D3A48 /* Build configuration list for PBXNativeTarget "LearnKit" */ = {
			isa = XCConfigurationList;
			buildConfigurations = (
				C975913319A04AF9003D3A48 /* Debug */,
				C975913419A04AF9003D3A48 /* Release */,
			);
			defaultConfigurationIsVisible = 0;
			defaultConfigurationName = Release;
		};
		C9AC1F77199AFC1F006D7122 /* Build configuration list for PBXProject "LearnKit" */ = {
			isa = XCConfigurationList;
			buildConfigurations = (
				C9AC1F81199AFC1F006D7122 /* Debug */,
				C9AC1F82199AFC1F006D7122 /* Release */,
			);
			defaultConfigurationIsVisible = 0;
			defaultConfigurationName = Release;
		};
		C9AC1F9A199AFDCC006D7122 /* Build configuration list for PBXNativeTarget "LearnKitTests" */ = {
			isa = XCConfigurationList;
			buildConfigurations = (
				C9AC1F9B199AFDCC006D7122 /* Debug */,
				C9AC1F9C199AFDCC006D7122 /* Release */,
			);
			defaultConfigurationIsVisible = 0;
			defaultConfigurationName = Release;
		};
/* End XCConfigurationList section */
	};
	rootObject = C9AC1F74199AFC1F006D7122 /* Project object */;
}
